// !$*UTF8*$!
{
	archiveVersion = 1;
	classes = {
	};
	objectVersion = 77;
	objects = {

/* Begin PBXBuildFile section */
		0B82E5ED1C34442389BC7768 /* Sentry in Frameworks */ = {isa = PBXBuildFile; productRef = 2F0C8DCE03694CF3A60D12F9 /* Sentry */; };
		XCT4H34LTH00000001 /* XCTHealthKit in Frameworks */ = {isa = PBXBuildFile; productRef = XCT4H34LTH00000002 /* XCTHealthKit */; };
		1A7B03C2552441FEB810773A /* QRScannerView.swift in Sources */ = {isa = PBXBuildFile; fileRef = 1FC49A15AC3F44858DFEE3E6 /* QRScannerView.swift */; };
		27599809E31D40308DBFA93A /* Environment.swift in Sources */ = {isa = PBXBuildFile; fileRef = 5F86F482904144B39B954F6A /* Environment.swift */; };
		40E350E9B26F4574902587EF /* PairingView.swift in Sources */ = {isa = PBXBuildFile; fileRef = 29B50DC380A44F2D96E6E414 /* PairingView.swift */; };
		43F9F2E9369F4546B3AF005A /* HistoryView.swift in Sources */ = {isa = PBXBuildFile; fileRef = 08D9B67C13E34BAE804A9359 /* HistoryView.swift */; };
		444EFC17D69346B3B93C9ECA /* KeychainHelper.swift in Sources */ = {isa = PBXBuildFile; fileRef = 11B5892FB68A40CB890E3630 /* KeychainHelper.swift */; };
		521047C38D23474889C39F35 /* CalendarView.swift in Sources */ = {isa = PBXBuildFile; fileRef = 2AB8DFBA16CE406C95456EAD /* CalendarView.swift */; };
		67283958B3E2475BA2DA974A /* HomeView.swift in Sources */ = {isa = PBXBuildFile; fileRef = CC2192F9A69B4A51B54A138F /* HomeView.swift */; };
		9D0C3D8A603340BC8364F188 /* PreWorkoutDeviceSheet.swift in Sources */ = {isa = PBXBuildFile; fileRef = 3910753486A542ECAA1E5971 /* PreWorkoutDeviceSheet.swift */; };
		A19401BB00000001C0000001 /* ActivityHistoryViewModel.swift in Sources */ = {isa = PBXBuildFile; fileRef = A19401AA00000001B0000001 /* ActivityHistoryViewModel.swift */; };
		A19401BB00000002C0000002 /* CompletionDetailViewModel.swift in Sources */ = {isa = PBXBuildFile; fileRef = A19401AA00000002B0000002 /* CompletionDetailViewModel.swift */; };
		A19401BB00000003C0000003 /* ActivityHistoryView.swift in Sources */ = {isa = PBXBuildFile; fileRef = A19401AA00000003B0000003 /* ActivityHistoryView.swift */; };
		A19401BB00000004C0000004 /* WorkoutCompletion.swift in Sources */ = {isa = PBXBuildFile; fileRef = A19401AA00000004B0000004 /* WorkoutCompletion.swift */; };
		A19401BB00000005C0000005 /* WorkoutCompletionDetail.swift in Sources */ = {isa = PBXBuildFile; fileRef = A19401AA00000005B0000005 /* WorkoutCompletionDetail.swift */; };
		A19401BB00000006C0000006 /* CompletionDetailView.swift in Sources */ = {isa = PBXBuildFile; fileRef = A19401AA00000006B0000006 /* CompletionDetailView.swift */; };
		A19401BB00000007C0000007 /* HRChartView.swift in Sources */ = {isa = PBXBuildFile; fileRef = A19401AA00000007B0000007 /* HRChartView.swift */; };
		A19401BB00000008C0000008 /* HRZonesView.swift in Sources */ = {isa = PBXBuildFile; fileRef = A19401AA00000008B0000008 /* HRZonesView.swift */; };
		A19401BB00000009C0000009 /* MetricGridView.swift in Sources */ = {isa = PBXBuildFile; fileRef = A19401AA00000009B0000009 /* MetricGridView.swift */; };
		A19401BB0000000AC000000A /* WorkoutStepsSection.swift in Sources */ = {isa = PBXBuildFile; fileRef = A19401AA0000000AB000000A /* WorkoutStepsSection.swift */; };
		AA8C7E7D040E462BB1347220 /* RestPeriodView.swift in Sources */ = {isa = PBXBuildFile; fileRef = 94AE3547CCCD41159C85554B /* RestPeriodView.swift */; };
		B6424999D3CD4CA789EA8014 /* SourcesView.swift in Sources */ = {isa = PBXBuildFile; fileRef = E79E57529578481B8991A91F /* SourcesView.swift */; };
		B69E1808FE344A15848A3B67 /* WorkoutCompletionService.swift in Sources */ = {isa = PBXBuildFile; fileRef = 8B1F098698F14683BCACADE0 /* WorkoutCompletionService.swift */; };
		CA268753E918494FAD7CCD56 /* PairingService.swift in Sources */ = {isa = PBXBuildFile; fileRef = 85D3757E5B284286B341C75C /* PairingService.swift */; };
		D3BUG10G00000001C0000001 /* DebugLogService.swift in Sources */ = {isa = PBXBuildFile; fileRef = D3BUG10G00000001B0000001 /* DebugLogService.swift */; };
		D3BUG10G00000002C0000002 /* DebugLogView.swift in Sources */ = {isa = PBXBuildFile; fileRef = D3BUG10G00000002B0000002 /* DebugLogView.swift */; };
		E33FF845EAAD4110B7D87FB0 /* DevicePreference.swift in Sources */ = {isa = PBXBuildFile; fileRef = 89321AF9D21D441198437105 /* DevicePreference.swift */; };
		EB63D5EF54FF452580C70684 /* WorkoutCompletionView.swift in Sources */ = {isa = PBXBuildFile; fileRef = 0DDF14FDAE6346A5831A6B37 /* WorkoutCompletionView.swift */; };
		EB63D5EF54FF452580C70685 /* WorkoutCompletionViewModel.swift in Sources */ = {isa = PBXBuildFile; fileRef = 0DDF14FDAE6346A5831A6B38 /* WorkoutCompletionViewModel.swift */; };
		F818DA94C6BD4F40EE8313B0 /* StepDisplayView.swift in Sources */ = {isa = PBXBuildFile; fileRef = F8BFF8D1C38311406C868156 /* StepDisplayView.swift */; };
		F84682B9F2FD8A45578F0E68 /* WorkoutPlayerView.swift in Sources */ = {isa = PBXBuildFile; fileRef = F8AD6080DEE9A54A6D9E4BD8 /* WorkoutPlayerView.swift */; };
		F84E226F2ED0D55600459747 /* AmakaFlowApp.swift in Sources */ = {isa = PBXBuildFile; fileRef = F84E226D2ED0D55600459747 /* AmakaFlowApp.swift */; };
		F84E22702ED0D55600459747 /* Theme.swift in Sources */ = {isa = PBXBuildFile; fileRef = F84E226E2ED0D55600459747 /* Theme.swift */; };
		F84E22722ED0D56C00459747 /* Workout.swift in Sources */ = {isa = PBXBuildFile; fileRef = F84E22712ED0D56C00459747 /* Workout.swift */; };
		F84E22742ED0D58300459747 /* WorkoutsViewModel.swift in Sources */ = {isa = PBXBuildFile; fileRef = F84E22732ED0D58300459747 /* WorkoutsViewModel.swift */; };
		F84E22782ED0D59B00459747 /* SettingsView.swift in Sources */ = {isa = PBXBuildFile; fileRef = F84E22752ED0D59B00459747 /* SettingsView.swift */; };
		F84E22792ED0D59B00459747 /* WorkoutDetailView.swift in Sources */ = {isa = PBXBuildFile; fileRef = F84E22762ED0D59B00459747 /* WorkoutDetailView.swift */; };
		F84E227A2ED0D59B00459747 /* WorkoutsView.swift in Sources */ = {isa = PBXBuildFile; fileRef = F84E22772ED0D59B00459747 /* WorkoutsView.swift */; };
		F84E227E2ED0D5BF00459747 /* IntervalRow.swift in Sources */ = {isa = PBXBuildFile; fileRef = F84E227B2ED0D5BF00459747 /* IntervalRow.swift */; };
		F84E227F2ED0D5BF00459747 /* ScheduleCalendarSheet.swift in Sources */ = {isa = PBXBuildFile; fileRef = F84E227C2ED0D5BF00459747 /* ScheduleCalendarSheet.swift */; };
		F84E22802ED0D5BF00459747 /* WorkoutCard.swift in Sources */ = {isa = PBXBuildFile; fileRef = F84E227D2ED0D5BF00459747 /* WorkoutCard.swift */; };
		F84E22862ED0D5D100459747 /* WorkoutKitConverter.swift in Sources */ = {isa = PBXBuildFile; fileRef = F84E22852ED0D5D100459747 /* WorkoutKitConverter.swift */; };
		F84E22872ED0D5D100459747 /* CalendarManager.swift in Sources */ = {isa = PBXBuildFile; fileRef = F84E22832ED0D5D100459747 /* CalendarManager.swift */; };
		F84E22882ED0D5D100459747 /* WatchConnectivityManager.swift in Sources */ = {isa = PBXBuildFile; fileRef = F84E22842ED0D5D100459747 /* WatchConnectivityManager.swift */; };
		F84E22892ED0D5D100459747 /* APIService.swift in Sources */ = {isa = PBXBuildFile; fileRef = F84E22812ED0D5D100459747 /* APIService.swift */; };
		F84E228A2ED0D5D100459747 /* AuthService.swift in Sources */ = {isa = PBXBuildFile; fileRef = F84E22822ED0D5D100459747 /* AuthService.swift */; };
		F84E22932ED0D9FA00459747 /* EventKit.framework in Frameworks */ = {isa = PBXBuildFile; fileRef = F84E22922ED0D9FA00459747 /* EventKit.framework */; };
		F84E22952ED0DA0200459747 /* HealthKit.framework in Frameworks */ = {isa = PBXBuildFile; fileRef = F84E22942ED0DA0200459747 /* HealthKit.framework */; };
		F84E22972ED0DA0F00459747 /* WatchConnectivity.framework in Frameworks */ = {isa = PBXBuildFile; fileRef = F84E22962ED0DA0F00459747 /* WatchConnectivity.framework */; };
		F84E22992ED0DA1F00459747 /* WorkoutKitSync in Frameworks */ = {isa = PBXBuildFile; productRef = F84E22982ED0DA1F00459747 /* WorkoutKitSync */; };
		F84E229B2ED0DC0900459747 /* HealthKit.framework in Frameworks */ = {isa = PBXBuildFile; fileRef = F84E229A2ED0DC0900459747 /* HealthKit.framework */; };
		F84E229D2ED0DC1100459747 /* WatchConnectivity.framework in Frameworks */ = {isa = PBXBuildFile; fileRef = F84E229C2ED0DC1100459747 /* WatchConnectivity.framework */; };
		F84E229F2ED0DC1B00459747 /* WorkoutKit.framework in Frameworks */ = {isa = PBXBuildFile; fileRef = F84E229E2ED0DC1B00459747 /* WorkoutKit.framework */; };
		F84E22A12ED0DC2700459747 /* WorkoutKitSync in Frameworks */ = {isa = PBXBuildFile; productRef = F84E22A02ED0DC2700459747 /* WorkoutKitSync */; };
		F84E22A32ED0E1BB00459747 /* Workout.swift in Sources */ = {isa = PBXBuildFile; fileRef = F84E22712ED0D56C00459747 /* Workout.swift */; };
		F84E22A42ED0E68300459747 /* WorkoutKitConverter.swift in Sources */ = {isa = PBXBuildFile; fileRef = F84E22852ED0D5D100459747 /* WorkoutKitConverter.swift */; };
		F85318ABF59B874E5BB8013B /* WorkoutEngine.swift in Sources */ = {isa = PBXBuildFile; fileRef = F856B28A238E234FDAB29478 /* WorkoutEngine.swift */; };
		F85A0F1D503D8A43A7B52FCC /* AudioCueManager.swift in Sources */ = {isa = PBXBuildFile; fileRef = F8FC29620578214144920365 /* AudioCueManager.swift */; };
		F85C4F6DCDE4544563BA4983 /* WorkoutState.swift in Sources */ = {isa = PBXBuildFile; fileRef = F883912261E9D246979DD881 /* WorkoutState.swift */; };
		F8654CAC3BB541420480C602 /* FlattenedInterval.swift in Sources */ = {isa = PBXBuildFile; fileRef = F82258553831E24BC9B8C650 /* FlattenedInterval.swift */; };
		F87ADA7721B76045D5938EA4 /* WorkoutActivityAttributes.swift in Sources */ = {isa = PBXBuildFile; fileRef = F8CB18AE0DE73449FE995951 /* WorkoutActivityAttributes.swift */; };
		F880AD612F09559A00E8D7D3 /* (null) in Frameworks */ = {isa = PBXBuildFile; };
		F880AD622F09559A00E8D7D3 /* Sentry in Frameworks */ = {isa = PBXBuildFile; productRef = 2F0C8DCE03694CF3A60D12F9 /* Sentry */; };
		F880AD632F09559A00E8D7D3 /* (null) in Frameworks */ = {isa = PBXBuildFile; };
		F880AD642F09559A00E8D7D3 /* (null) in Frameworks */ = {isa = PBXBuildFile; };
		F880AD652F09559A00E8D7D3 /* (null) in Frameworks */ = {isa = PBXBuildFile; };
		F880AD662F09559A00E8D7D3 /* (null) in Frameworks */ = {isa = PBXBuildFile; };
		F880AD672F09559A00E8D7D3 /* (null) in Frameworks */ = {isa = PBXBuildFile; };
		F8B356C52EF8BA7B00E88B51 /* WidgetKit.framework in Frameworks */ = {isa = PBXBuildFile; fileRef = F8B356C42EF8BA7B00E88B51 /* WidgetKit.framework */; };
		F8B356C72EF8BA7B00E88B51 /* SwiftUI.framework in Frameworks */ = {isa = PBXBuildFile; fileRef = F8B356C62EF8BA7B00E88B51 /* SwiftUI.framework */; };
		F8B356D82EF8BA7C00E88B51 /* WorkoutLiveActivityExtension.appex in Embed Foundation Extensions */ = {isa = PBXBuildFile; fileRef = F8B356C32EF8BA7B00E88B51 /* WorkoutLiveActivityExtension.appex */; settings = {ATTRIBUTES = (RemoveHeadersOnCopy, ); }; };
		F8B356E02EF8C10000E88B51 /* WorkoutActivityAttributes.swift in Sources */ = {isa = PBXBuildFile; fileRef = F8CB18AE0DE73449FE995951 /* WorkoutActivityAttributes.swift */; };
		F8B358AF2EF9C7B000E88B51 /* AmakaFlowWatch Watch App.app in Embed Watch Content */ = {isa = PBXBuildFile; fileRef = F84E22172ED0B62000459747 /* AmakaFlowWatch Watch App.app */; settings = {ATTRIBUTES = (RemoveHeadersOnCopy, ); }; };
		F8B8C2FBBE453C44649F8E94 /* PlayerControlsView.swift in Sources */ = {isa = PBXBuildFile; fileRef = F89DB8A09DD1694C469E6F54 /* PlayerControlsView.swift */; };
		F8C125A12EFAB01000459747 /* GarminConnectManager.swift in Sources */ = {isa = PBXBuildFile; fileRef = F8C125A02EFAB01000459747 /* GarminConnectManager.swift */; };
		F8C125B22EFAC00000459747 /* ConnectIQ in Frameworks */ = {isa = PBXBuildFile; productRef = F8C125B12EFAC00000459747 /* ConnectIQ */; };
		S3NTR1S3RV1C300000002 /* SentryService.swift in Sources */ = {isa = PBXBuildFile; fileRef = S3NTR1S3RV1C300000001 /* SentryService.swift */; };
		TR4N5CR1PT10N3NG1N31001 /* TranscriptionEngine.swift in Sources */ = {isa = PBXBuildFile; fileRef = TR4N5CR1PT10N3NG1N30001 /* TranscriptionEngine.swift */; };
		TR4N5CR1PT10N3NG1N31002 /* OnDeviceEngine.swift in Sources */ = {isa = PBXBuildFile; fileRef = TR4N5CR1PT10N3NG1N30002 /* OnDeviceEngine.swift */; };
		TR4N5CR1PT10N3NG1N31003 /* CloudTranscriptionEngine.swift in Sources */ = {isa = PBXBuildFile; fileRef = TR4N5CR1PT10N3NG1N30003 /* CloudTranscriptionEngine.swift */; };
		TR4N5CR1PT10N3NG1N31004 /* TranscriptionRouter.swift in Sources */ = {isa = PBXBuildFile; fileRef = TR4N5CR1PT10N3NG1N30004 /* TranscriptionRouter.swift */; };
		TR4N5CR1PT10N3NG1N31005 /* FitnessVocabulary.swift in Sources */ = {isa = PBXBuildFile; fileRef = TR4N5CR1PT10N3NG1N30005 /* FitnessVocabulary.swift */; };
		TR4N5CR1PT10N3NG1N31006 /* PersonalDictionary.swift in Sources */ = {isa = PBXBuildFile; fileRef = TR4N5CR1PT10N3NG1N30006 /* PersonalDictionary.swift */; };
		TR4N5CR1PT10N53TT1NG5101 /* VoiceTranscriptionSettingsView.swift in Sources */ = {isa = PBXBuildFile; fileRef = TR4N5CR1PT10N53TT1NG5001 /* VoiceTranscriptionSettingsView.swift */; };
		V01C301100000000000000 /* PermissionManager.swift in Sources */ = {isa = PBXBuildFile; fileRef = V01C300100000000000000 /* PermissionManager.swift */; };
		V01C301200000000000000 /* VoiceRecordingService.swift in Sources */ = {isa = PBXBuildFile; fileRef = V01C300200000000000000 /* VoiceRecordingService.swift */; };
		V01C301300000000000000 /* TranscriptionService.swift in Sources */ = {isa = PBXBuildFile; fileRef = V01C300300000000000000 /* TranscriptionService.swift */; };
		V01C301400000000000000 /* WorkoutParsingService.swift in Sources */ = {isa = PBXBuildFile; fileRef = V01C300400000000000000 /* WorkoutParsingService.swift */; };
		V01C301500000000000000 /* VoiceWorkoutViewModel.swift in Sources */ = {isa = PBXBuildFile; fileRef = V01C300500000000000000 /* VoiceWorkoutViewModel.swift */; };
		V01C301600000000000000 /* VoiceWorkoutView.swift in Sources */ = {isa = PBXBuildFile; fileRef = V01C300600000000000000 /* VoiceWorkoutView.swift */; };
		V01C301700000000000000 /* VoiceRecordingView.swift in Sources */ = {isa = PBXBuildFile; fileRef = V01C300700000000000000 /* VoiceRecordingView.swift */; };
		V01C301800000000000000 /* TranscriptionReviewView.swift in Sources */ = {isa = PBXBuildFile; fileRef = V01C300800000000000000 /* TranscriptionReviewView.swift */; };
		V01C301900000000000000 /* VoiceWorkoutReviewView.swift in Sources */ = {isa = PBXBuildFile; fileRef = V01C300900000000000000 /* VoiceWorkoutReviewView.swift */; };
		W41T1NG000000002C0000002 /* WaitingForWatchView.swift in Sources */ = {isa = PBXBuildFile; fileRef = W41T1NG000000001B0000001 /* WaitingForWatchView.swift */; };
/* End PBXBuildFile section */

/* Begin PBXContainerItemProxy section */
		F84E21842ED0B0CA00459747 /* PBXContainerItemProxy */ = {
			isa = PBXContainerItemProxy;
			containerPortal = F84E216C2ED0B0C800459747 /* Project object */;
			proxyType = 1;
			remoteGlobalIDString = F84E21732ED0B0C800459747;
			remoteInfo = AmakaFlowCompanion;
		};
		F84E218E2ED0B0CA00459747 /* PBXContainerItemProxy */ = {
			isa = PBXContainerItemProxy;
			containerPortal = F84E216C2ED0B0C800459747 /* Project object */;
			proxyType = 1;
			remoteGlobalIDString = F84E21732ED0B0C800459747;
			remoteInfo = AmakaFlowCompanion;
		};
		F84E22272ED0B62100459747 /* PBXContainerItemProxy */ = {
			isa = PBXContainerItemProxy;
			containerPortal = F84E216C2ED0B0C800459747 /* Project object */;
			proxyType = 1;
			remoteGlobalIDString = F84E22162ED0B62000459747;
			remoteInfo = "AmakaFlowWatch Watch App";
		};
		F84E22312ED0B62100459747 /* PBXContainerItemProxy */ = {
			isa = PBXContainerItemProxy;
			containerPortal = F84E216C2ED0B0C800459747 /* Project object */;
			proxyType = 1;
			remoteGlobalIDString = F84E22162ED0B62000459747;
			remoteInfo = "AmakaFlowWatch Watch App";
		};
		F8B356D62EF8BA7C00E88B51 /* PBXContainerItemProxy */ = {
			isa = PBXContainerItemProxy;
			containerPortal = F84E216C2ED0B0C800459747 /* Project object */;
			proxyType = 1;
			remoteGlobalIDString = F8B356C22EF8BA7B00E88B51;
			remoteInfo = WorkoutLiveActivityExtension;
		};
		F8B358B02EF9C7B000E88B51 /* PBXContainerItemProxy */ = {
			isa = PBXContainerItemProxy;
			containerPortal = F84E216C2ED0B0C800459747 /* Project object */;
			proxyType = 1;
			remoteGlobalIDString = F84E22162ED0B62000459747;
			remoteInfo = "AmakaFlowWatch Watch App";
		};
/* End PBXContainerItemProxy section */

/* Begin PBXCopyFilesBuildPhase section */
		F8B356D92EF8BA7C00E88B51 /* Embed Foundation Extensions */ = {
			isa = PBXCopyFilesBuildPhase;
			buildActionMask = 2147483647;
			dstPath = "";
			dstSubfolderSpec = 13;
			files = (
				F8B356D82EF8BA7C00E88B51 /* WorkoutLiveActivityExtension.appex in Embed Foundation Extensions */,
			);
			name = "Embed Foundation Extensions";
			runOnlyForDeploymentPostprocessing = 0;
		};
		F8B358B22EF9C7B000E88B51 /* Embed Watch Content */ = {
			isa = PBXCopyFilesBuildPhase;
			buildActionMask = 2147483647;
			dstPath = "$(CONTENTS_FOLDER_PATH)/Watch";
			dstSubfolderSpec = 16;
			files = (
				F8B358AF2EF9C7B000E88B51 /* AmakaFlowWatch Watch App.app in Embed Watch Content */,
			);
			name = "Embed Watch Content";
			runOnlyForDeploymentPostprocessing = 0;
		};
/* End PBXCopyFilesBuildPhase section */

/* Begin PBXFileReference section */
		08D9B67C13E34BAE804A9359 /* HistoryView.swift */ = {isa = PBXFileReference; lastKnownFileType = sourcecode.swift; name = HistoryView.swift; path = ../AmakaFlow/Views/HistoryView.swift; sourceTree = SOURCE_ROOT; };
		0DDF14FDAE6346A5831A6B37 /* WorkoutCompletionView.swift */ = {isa = PBXFileReference; lastKnownFileType = sourcecode.swift; name = WorkoutCompletionView.swift; path = ../AmakaFlow/Views/WorkoutCompletionView.swift; sourceTree = SOURCE_ROOT; };
		0DDF14FDAE6346A5831A6B38 /* WorkoutCompletionViewModel.swift */ = {isa = PBXFileReference; lastKnownFileType = sourcecode.swift; name = WorkoutCompletionViewModel.swift; path = ../AmakaFlow/ViewModels/WorkoutCompletionViewModel.swift; sourceTree = SOURCE_ROOT; };
		11B5892FB68A40CB890E3630 /* KeychainHelper.swift */ = {isa = PBXFileReference; lastKnownFileType = sourcecode.swift; name = KeychainHelper.swift; path = ../AmakaFlow/Services/KeychainHelper.swift; sourceTree = SOURCE_ROOT; };
		1FC49A15AC3F44858DFEE3E6 /* QRScannerView.swift */ = {isa = PBXFileReference; lastKnownFileType = sourcecode.swift; name = QRScannerView.swift; path = ../AmakaFlow/Views/QRScannerView.swift; sourceTree = SOURCE_ROOT; };
		29B50DC380A44F2D96E6E414 /* PairingView.swift */ = {isa = PBXFileReference; lastKnownFileType = sourcecode.swift; name = PairingView.swift; path = ../AmakaFlow/Views/PairingView.swift; sourceTree = SOURCE_ROOT; };
		2AB8DFBA16CE406C95456EAD /* CalendarView.swift */ = {isa = PBXFileReference; lastKnownFileType = sourcecode.swift; name = CalendarView.swift; path = ../AmakaFlow/Views/CalendarView.swift; sourceTree = SOURCE_ROOT; };
		3910753486A542ECAA1E5971 /* PreWorkoutDeviceSheet.swift */ = {isa = PBXFileReference; lastKnownFileType = sourcecode.swift; name = PreWorkoutDeviceSheet.swift; path = ../AmakaFlow/Views/Components/PreWorkoutDeviceSheet.swift; sourceTree = SOURCE_ROOT; };
		5F86F482904144B39B954F6A /* Environment.swift */ = {isa = PBXFileReference; lastKnownFileType = sourcecode.swift; name = Environment.swift; path = ../AmakaFlow/Models/Environment.swift; sourceTree = SOURCE_ROOT; };
		85D3757E5B284286B341C75C /* PairingService.swift */ = {isa = PBXFileReference; lastKnownFileType = sourcecode.swift; name = PairingService.swift; path = ../AmakaFlow/Services/PairingService.swift; sourceTree = SOURCE_ROOT; };
		89321AF9D21D441198437105 /* DevicePreference.swift */ = {isa = PBXFileReference; lastKnownFileType = sourcecode.swift; name = DevicePreference.swift; path = ../AmakaFlow/Models/DevicePreference.swift; sourceTree = SOURCE_ROOT; };
		8B1F098698F14683BCACADE0 /* WorkoutCompletionService.swift */ = {isa = PBXFileReference; lastKnownFileType = sourcecode.swift; name = WorkoutCompletionService.swift; path = ../AmakaFlow/Services/WorkoutCompletionService.swift; sourceTree = SOURCE_ROOT; };
		94AE3547CCCD41159C85554B /* RestPeriodView.swift */ = {isa = PBXFileReference; lastKnownFileType = sourcecode.swift; name = RestPeriodView.swift; path = ../AmakaFlow/Views/Components/RestPeriodView.swift; sourceTree = SOURCE_ROOT; };
		A19401AA00000001B0000001 /* ActivityHistoryViewModel.swift */ = {isa = PBXFileReference; lastKnownFileType = sourcecode.swift; name = ActivityHistoryViewModel.swift; path = ../AmakaFlow/ViewModels/ActivityHistoryViewModel.swift; sourceTree = SOURCE_ROOT; };
		A19401AA00000002B0000002 /* CompletionDetailViewModel.swift */ = {isa = PBXFileReference; lastKnownFileType = sourcecode.swift; name = CompletionDetailViewModel.swift; path = ../AmakaFlow/ViewModels/CompletionDetailViewModel.swift; sourceTree = SOURCE_ROOT; };
		A19401AA00000003B0000003 /* ActivityHistoryView.swift */ = {isa = PBXFileReference; lastKnownFileType = sourcecode.swift; name = ActivityHistoryView.swift; path = ../AmakaFlow/Views/ActivityHistoryView.swift; sourceTree = SOURCE_ROOT; };
		A19401AA00000004B0000004 /* WorkoutCompletion.swift */ = {isa = PBXFileReference; lastKnownFileType = sourcecode.swift; name = WorkoutCompletion.swift; path = ../AmakaFlow/Models/WorkoutCompletion.swift; sourceTree = SOURCE_ROOT; };
		A19401AA00000005B0000005 /* WorkoutCompletionDetail.swift */ = {isa = PBXFileReference; lastKnownFileType = sourcecode.swift; name = WorkoutCompletionDetail.swift; path = ../AmakaFlow/Models/WorkoutCompletionDetail.swift; sourceTree = SOURCE_ROOT; };
		A19401AA00000006B0000006 /* CompletionDetailView.swift */ = {isa = PBXFileReference; lastKnownFileType = sourcecode.swift; name = CompletionDetailView.swift; path = ../AmakaFlow/Views/CompletionDetail/CompletionDetailView.swift; sourceTree = SOURCE_ROOT; };
		A19401AA00000007B0000007 /* HRChartView.swift */ = {isa = PBXFileReference; lastKnownFileType = sourcecode.swift; name = HRChartView.swift; path = ../AmakaFlow/Views/CompletionDetail/HRChartView.swift; sourceTree = SOURCE_ROOT; };
		A19401AA00000008B0000008 /* HRZonesView.swift */ = {isa = PBXFileReference; lastKnownFileType = sourcecode.swift; name = HRZonesView.swift; path = ../AmakaFlow/Views/CompletionDetail/HRZonesView.swift; sourceTree = SOURCE_ROOT; };
		A19401AA00000009B0000009 /* MetricGridView.swift */ = {isa = PBXFileReference; lastKnownFileType = sourcecode.swift; name = MetricGridView.swift; path = ../AmakaFlow/Views/CompletionDetail/MetricGridView.swift; sourceTree = SOURCE_ROOT; };
		A19401AA0000000AB000000A /* WorkoutStepsSection.swift */ = {isa = PBXFileReference; lastKnownFileType = sourcecode.swift; name = WorkoutStepsSection.swift; path = ../AmakaFlow/Views/CompletionDetail/WorkoutStepsSection.swift; sourceTree = SOURCE_ROOT; };
		CC2192F9A69B4A51B54A138F /* HomeView.swift */ = {isa = PBXFileReference; lastKnownFileType = sourcecode.swift; name = HomeView.swift; path = ../AmakaFlow/Views/HomeView.swift; sourceTree = SOURCE_ROOT; };
		D3BUG10G00000001B0000001 /* DebugLogService.swift */ = {isa = PBXFileReference; lastKnownFileType = sourcecode.swift; name = DebugLogService.swift; path = ../AmakaFlow/Services/DebugLogService.swift; sourceTree = SOURCE_ROOT; };
		D3BUG10G00000002B0000002 /* DebugLogView.swift */ = {isa = PBXFileReference; lastKnownFileType = sourcecode.swift; name = DebugLogView.swift; path = ../AmakaFlow/Views/DebugLogView.swift; sourceTree = SOURCE_ROOT; };
		E79E57529578481B8991A91F /* SourcesView.swift */ = {isa = PBXFileReference; lastKnownFileType = sourcecode.swift; name = SourcesView.swift; path = ../AmakaFlow/Views/SourcesView.swift; sourceTree = SOURCE_ROOT; };
		F82258553831E24BC9B8C650 /* FlattenedInterval.swift */ = {isa = PBXFileReference; lastKnownFileType = sourcecode.swift; name = FlattenedInterval.swift; path = ../AmakaFlow/Engine/FlattenedInterval.swift; sourceTree = SOURCE_ROOT; };
		F84E21742ED0B0C800459747 /* AmakaFlowCompanion.app */ = {isa = PBXFileReference; explicitFileType = wrapper.application; includeInIndex = 0; path = AmakaFlowCompanion.app; sourceTree = BUILT_PRODUCTS_DIR; };
		F84E21832ED0B0CA00459747 /* AmakaFlowCompanionTests.xctest */ = {isa = PBXFileReference; explicitFileType = wrapper.cfbundle; includeInIndex = 0; path = AmakaFlowCompanionTests.xctest; sourceTree = BUILT_PRODUCTS_DIR; };
		F84E218D2ED0B0CA00459747 /* AmakaFlowCompanionUITests.xctest */ = {isa = PBXFileReference; explicitFileType = wrapper.cfbundle; includeInIndex = 0; path = AmakaFlowCompanionUITests.xctest; sourceTree = BUILT_PRODUCTS_DIR; };
		F84E22122ED0B62000459747 /* AmakaFlowWatch.app */ = {isa = PBXFileReference; explicitFileType = wrapper.application; includeInIndex = 0; path = AmakaFlowWatch.app; sourceTree = BUILT_PRODUCTS_DIR; };
		F84E22172ED0B62000459747 /* AmakaFlowWatch Watch App.app */ = {isa = PBXFileReference; explicitFileType = wrapper.application; includeInIndex = 0; path = "AmakaFlowWatch Watch App.app"; sourceTree = BUILT_PRODUCTS_DIR; };
		F84E22262ED0B62100459747 /* AmakaFlowWatch Watch AppTests.xctest */ = {isa = PBXFileReference; explicitFileType = wrapper.cfbundle; includeInIndex = 0; path = "AmakaFlowWatch Watch AppTests.xctest"; sourceTree = BUILT_PRODUCTS_DIR; };
		F84E22302ED0B62100459747 /* AmakaFlowWatch Watch AppUITests.xctest */ = {isa = PBXFileReference; explicitFileType = wrapper.cfbundle; includeInIndex = 0; path = "AmakaFlowWatch Watch AppUITests.xctest"; sourceTree = BUILT_PRODUCTS_DIR; };
		F84E226D2ED0D55600459747 /* AmakaFlowApp.swift */ = {isa = PBXFileReference; lastKnownFileType = sourcecode.swift; name = AmakaFlowApp.swift; path = ../AmakaFlow/AmakaFlowApp.swift; sourceTree = SOURCE_ROOT; };
		F84E226E2ED0D55600459747 /* Theme.swift */ = {isa = PBXFileReference; lastKnownFileType = sourcecode.swift; name = Theme.swift; path = ../AmakaFlow/Theme.swift; sourceTree = SOURCE_ROOT; };
		F84E22712ED0D56C00459747 /* Workout.swift */ = {isa = PBXFileReference; lastKnownFileType = sourcecode.swift; name = Workout.swift; path = ../AmakaFlow/Models/Workout.swift; sourceTree = SOURCE_ROOT; };
		F84E22732ED0D58300459747 /* WorkoutsViewModel.swift */ = {isa = PBXFileReference; lastKnownFileType = sourcecode.swift; name = WorkoutsViewModel.swift; path = ../AmakaFlow/ViewModels/WorkoutsViewModel.swift; sourceTree = SOURCE_ROOT; };
		F84E22752ED0D59B00459747 /* SettingsView.swift */ = {isa = PBXFileReference; lastKnownFileType = sourcecode.swift; name = SettingsView.swift; path = ../AmakaFlow/Views/SettingsView.swift; sourceTree = SOURCE_ROOT; };
		F84E22762ED0D59B00459747 /* WorkoutDetailView.swift */ = {isa = PBXFileReference; lastKnownFileType = sourcecode.swift; name = WorkoutDetailView.swift; path = ../AmakaFlow/Views/WorkoutDetailView.swift; sourceTree = SOURCE_ROOT; };
		F84E22772ED0D59B00459747 /* WorkoutsView.swift */ = {isa = PBXFileReference; lastKnownFileType = sourcecode.swift; name = WorkoutsView.swift; path = ../AmakaFlow/Views/WorkoutsView.swift; sourceTree = SOURCE_ROOT; };
		F84E227B2ED0D5BF00459747 /* IntervalRow.swift */ = {isa = PBXFileReference; lastKnownFileType = sourcecode.swift; name = IntervalRow.swift; path = ../AmakaFlow/Views/Components/IntervalRow.swift; sourceTree = SOURCE_ROOT; };
		F84E227C2ED0D5BF00459747 /* ScheduleCalendarSheet.swift */ = {isa = PBXFileReference; lastKnownFileType = sourcecode.swift; name = ScheduleCalendarSheet.swift; path = ../AmakaFlow/Views/Components/ScheduleCalendarSheet.swift; sourceTree = SOURCE_ROOT; };
		F84E227D2ED0D5BF00459747 /* WorkoutCard.swift */ = {isa = PBXFileReference; lastKnownFileType = sourcecode.swift; name = WorkoutCard.swift; path = ../AmakaFlow/Views/Components/WorkoutCard.swift; sourceTree = SOURCE_ROOT; };
		F84E22812ED0D5D100459747 /* APIService.swift */ = {isa = PBXFileReference; lastKnownFileType = sourcecode.swift; name = APIService.swift; path = ../AmakaFlow/Services/APIService.swift; sourceTree = SOURCE_ROOT; };
		F84E22822ED0D5D100459747 /* AuthService.swift */ = {isa = PBXFileReference; lastKnownFileType = sourcecode.swift; name = AuthService.swift; path = ../AmakaFlow/Services/AuthService.swift; sourceTree = SOURCE_ROOT; };
		F84E22832ED0D5D100459747 /* CalendarManager.swift */ = {isa = PBXFileReference; lastKnownFileType = sourcecode.swift; name = CalendarManager.swift; path = ../AmakaFlow/Services/CalendarManager.swift; sourceTree = SOURCE_ROOT; };
		F84E22842ED0D5D100459747 /* WatchConnectivityManager.swift */ = {isa = PBXFileReference; lastKnownFileType = sourcecode.swift; name = WatchConnectivityManager.swift; path = ../AmakaFlow/Services/WatchConnectivityManager.swift; sourceTree = SOURCE_ROOT; };
		F84E22852ED0D5D100459747 /* WorkoutKitConverter.swift */ = {isa = PBXFileReference; lastKnownFileType = sourcecode.swift; name = WorkoutKitConverter.swift; path = ../AmakaFlow/Services/WorkoutKitConverter.swift; sourceTree = SOURCE_ROOT; };
		F84E22922ED0D9FA00459747 /* EventKit.framework */ = {isa = PBXFileReference; lastKnownFileType = wrapper.framework; name = EventKit.framework; path = System/Library/Frameworks/EventKit.framework; sourceTree = SDKROOT; };
		F84E22942ED0DA0200459747 /* HealthKit.framework */ = {isa = PBXFileReference; lastKnownFileType = wrapper.framework; name = HealthKit.framework; path = System/Library/Frameworks/HealthKit.framework; sourceTree = SDKROOT; };
		F84E22962ED0DA0F00459747 /* WatchConnectivity.framework */ = {isa = PBXFileReference; lastKnownFileType = wrapper.framework; name = WatchConnectivity.framework; path = System/Library/Frameworks/WatchConnectivity.framework; sourceTree = SDKROOT; };
		F84E229A2ED0DC0900459747 /* HealthKit.framework */ = {isa = PBXFileReference; lastKnownFileType = wrapper.framework; name = HealthKit.framework; path = Platforms/WatchOS.platform/Developer/SDKs/WatchOS26.1.sdk/System/Library/Frameworks/HealthKit.framework; sourceTree = DEVELOPER_DIR; };
		F84E229C2ED0DC1100459747 /* WatchConnectivity.framework */ = {isa = PBXFileReference; lastKnownFileType = wrapper.framework; name = WatchConnectivity.framework; path = Platforms/WatchOS.platform/Developer/SDKs/WatchOS26.1.sdk/System/Library/Frameworks/WatchConnectivity.framework; sourceTree = DEVELOPER_DIR; };
		F84E229E2ED0DC1B00459747 /* WorkoutKit.framework */ = {isa = PBXFileReference; lastKnownFileType = wrapper.framework; name = WorkoutKit.framework; path = Platforms/WatchOS.platform/Developer/SDKs/WatchOS26.1.sdk/System/Library/Frameworks/WorkoutKit.framework; sourceTree = DEVELOPER_DIR; };
		F856B28A238E234FDAB29478 /* WorkoutEngine.swift */ = {isa = PBXFileReference; lastKnownFileType = sourcecode.swift; name = WorkoutEngine.swift; path = ../AmakaFlow/Engine/WorkoutEngine.swift; sourceTree = SOURCE_ROOT; };
		F883912261E9D246979DD881 /* WorkoutState.swift */ = {isa = PBXFileReference; lastKnownFileType = sourcecode.swift; name = WorkoutState.swift; path = ../AmakaFlow/Engine/WorkoutState.swift; sourceTree = SOURCE_ROOT; };
		F89DB8A09DD1694C469E6F54 /* PlayerControlsView.swift */ = {isa = PBXFileReference; lastKnownFileType = sourcecode.swift; name = PlayerControlsView.swift; path = ../AmakaFlow/Views/Components/PlayerControlsView.swift; sourceTree = SOURCE_ROOT; };
		F8AD6080DEE9A54A6D9E4BD8 /* WorkoutPlayerView.swift */ = {isa = PBXFileReference; lastKnownFileType = sourcecode.swift; name = WorkoutPlayerView.swift; path = ../AmakaFlow/Views/WorkoutPlayerView.swift; sourceTree = SOURCE_ROOT; };
		F8B356C32EF8BA7B00E88B51 /* WorkoutLiveActivityExtension.appex */ = {isa = PBXFileReference; explicitFileType = "wrapper.app-extension"; includeInIndex = 0; path = WorkoutLiveActivityExtension.appex; sourceTree = BUILT_PRODUCTS_DIR; };
		F8B356C42EF8BA7B00E88B51 /* WidgetKit.framework */ = {isa = PBXFileReference; lastKnownFileType = wrapper.framework; name = WidgetKit.framework; path = System/Library/Frameworks/WidgetKit.framework; sourceTree = SDKROOT; };
		F8B356C62EF8BA7B00E88B51 /* SwiftUI.framework */ = {isa = PBXFileReference; lastKnownFileType = wrapper.framework; name = SwiftUI.framework; path = System/Library/Frameworks/SwiftUI.framework; sourceTree = SDKROOT; };
		F8BFF8D1C38311406C868156 /* StepDisplayView.swift */ = {isa = PBXFileReference; lastKnownFileType = sourcecode.swift; name = StepDisplayView.swift; path = ../AmakaFlow/Views/Components/StepDisplayView.swift; sourceTree = SOURCE_ROOT; };
		F8C125A02EFAB01000459747 /* GarminConnectManager.swift */ = {isa = PBXFileReference; lastKnownFileType = sourcecode.swift; name = GarminConnectManager.swift; path = ../AmakaFlow/Services/GarminConnectManager.swift; sourceTree = SOURCE_ROOT; };
		F8CB18AE0DE73449FE995951 /* WorkoutActivityAttributes.swift */ = {isa = PBXFileReference; lastKnownFileType = sourcecode.swift; name = WorkoutActivityAttributes.swift; path = ../AmakaFlow/LiveActivity/WorkoutActivityAttributes.swift; sourceTree = SOURCE_ROOT; };
		F8FC29620578214144920365 /* AudioCueManager.swift */ = {isa = PBXFileReference; lastKnownFileType = sourcecode.swift; name = AudioCueManager.swift; path = ../AmakaFlow/Services/AudioCueManager.swift; sourceTree = SOURCE_ROOT; };
		S3NTR1S3RV1C300000001 /* SentryService.swift */ = {isa = PBXFileReference; lastKnownFileType = sourcecode.swift; name = SentryService.swift; path = ../AmakaFlow/Services/SentryService.swift; sourceTree = SOURCE_ROOT; };
		TR4N5CR1PT10N3NG1N30001 /* TranscriptionEngine.swift */ = {isa = PBXFileReference; lastKnownFileType = sourcecode.swift; name = TranscriptionEngine.swift; path = ../AmakaFlow/Services/Transcription/TranscriptionEngine.swift; sourceTree = SOURCE_ROOT; };
		TR4N5CR1PT10N3NG1N30002 /* OnDeviceEngine.swift */ = {isa = PBXFileReference; lastKnownFileType = sourcecode.swift; name = OnDeviceEngine.swift; path = ../AmakaFlow/Services/Transcription/OnDeviceEngine.swift; sourceTree = SOURCE_ROOT; };
		TR4N5CR1PT10N3NG1N30003 /* CloudTranscriptionEngine.swift */ = {isa = PBXFileReference; lastKnownFileType = sourcecode.swift; name = CloudTranscriptionEngine.swift; path = ../AmakaFlow/Services/Transcription/CloudTranscriptionEngine.swift; sourceTree = SOURCE_ROOT; };
		TR4N5CR1PT10N3NG1N30004 /* TranscriptionRouter.swift */ = {isa = PBXFileReference; lastKnownFileType = sourcecode.swift; name = TranscriptionRouter.swift; path = ../AmakaFlow/Services/Transcription/TranscriptionRouter.swift; sourceTree = SOURCE_ROOT; };
		TR4N5CR1PT10N3NG1N30005 /* FitnessVocabulary.swift */ = {isa = PBXFileReference; lastKnownFileType = sourcecode.swift; name = FitnessVocabulary.swift; path = ../AmakaFlow/Services/Transcription/FitnessVocabulary.swift; sourceTree = SOURCE_ROOT; };
		TR4N5CR1PT10N3NG1N30006 /* PersonalDictionary.swift */ = {isa = PBXFileReference; lastKnownFileType = sourcecode.swift; name = PersonalDictionary.swift; path = ../AmakaFlow/Services/Transcription/PersonalDictionary.swift; sourceTree = SOURCE_ROOT; };
		TR4N5CR1PT10N53TT1NG5001 /* VoiceTranscriptionSettingsView.swift */ = {isa = PBXFileReference; lastKnownFileType = sourcecode.swift; name = VoiceTranscriptionSettingsView.swift; path = ../AmakaFlow/Views/Settings/VoiceTranscriptionSettingsView.swift; sourceTree = SOURCE_ROOT; };
		V01C300100000000000000 /* PermissionManager.swift */ = {isa = PBXFileReference; lastKnownFileType = sourcecode.swift; name = PermissionManager.swift; path = ../AmakaFlow/Services/PermissionManager.swift; sourceTree = SOURCE_ROOT; };
		V01C300200000000000000 /* VoiceRecordingService.swift */ = {isa = PBXFileReference; lastKnownFileType = sourcecode.swift; name = VoiceRecordingService.swift; path = ../AmakaFlow/Services/VoiceRecordingService.swift; sourceTree = SOURCE_ROOT; };
		V01C300300000000000000 /* TranscriptionService.swift */ = {isa = PBXFileReference; lastKnownFileType = sourcecode.swift; name = TranscriptionService.swift; path = ../AmakaFlow/Services/TranscriptionService.swift; sourceTree = SOURCE_ROOT; };
		V01C300400000000000000 /* WorkoutParsingService.swift */ = {isa = PBXFileReference; lastKnownFileType = sourcecode.swift; name = WorkoutParsingService.swift; path = ../AmakaFlow/Services/WorkoutParsingService.swift; sourceTree = SOURCE_ROOT; };
		V01C300500000000000000 /* VoiceWorkoutViewModel.swift */ = {isa = PBXFileReference; lastKnownFileType = sourcecode.swift; name = VoiceWorkoutViewModel.swift; path = ../AmakaFlow/ViewModels/VoiceWorkoutViewModel.swift; sourceTree = SOURCE_ROOT; };
		V01C300600000000000000 /* VoiceWorkoutView.swift */ = {isa = PBXFileReference; lastKnownFileType = sourcecode.swift; name = VoiceWorkoutView.swift; path = ../AmakaFlow/Views/VoiceWorkout/VoiceWorkoutView.swift; sourceTree = SOURCE_ROOT; };
		V01C300700000000000000 /* VoiceRecordingView.swift */ = {isa = PBXFileReference; lastKnownFileType = sourcecode.swift; name = VoiceRecordingView.swift; path = ../AmakaFlow/Views/VoiceWorkout/VoiceRecordingView.swift; sourceTree = SOURCE_ROOT; };
		V01C300800000000000000 /* TranscriptionReviewView.swift */ = {isa = PBXFileReference; lastKnownFileType = sourcecode.swift; name = TranscriptionReviewView.swift; path = ../AmakaFlow/Views/VoiceWorkout/TranscriptionReviewView.swift; sourceTree = SOURCE_ROOT; };
		V01C300900000000000000 /* VoiceWorkoutReviewView.swift */ = {isa = PBXFileReference; lastKnownFileType = sourcecode.swift; name = VoiceWorkoutReviewView.swift; path = ../AmakaFlow/Views/VoiceWorkout/VoiceWorkoutReviewView.swift; sourceTree = SOURCE_ROOT; };
		W41T1NG000000001B0000001 /* WaitingForWatchView.swift */ = {isa = PBXFileReference; lastKnownFileType = sourcecode.swift; name = WaitingForWatchView.swift; path = ../AmakaFlow/Views/Components/WaitingForWatchView.swift; sourceTree = SOURCE_ROOT; };
/* End PBXFileReference section */

/* Begin PBXFileSystemSynchronizedBuildFileExceptionSet section */
		F84E22622ED0BCE900459747 /* Exceptions for "AmakaFlowCompanion" folder in "AmakaFlowCompanion" target */ = {
			isa = PBXFileSystemSynchronizedBuildFileExceptionSet;
			membershipExceptions = (
				Info.plist,
			);
			target = F84E21732ED0B0C800459747 /* AmakaFlowCompanion */;
		};
		F84E22A22ED0DF9300459747 /* Exceptions for "AmakaFlowWatch Watch App" folder in "AmakaFlowWatch Watch App" target */ = {
			isa = PBXFileSystemSynchronizedBuildFileExceptionSet;
			membershipExceptions = (
				Info.plist,
			);
			target = F84E22162ED0B62000459747 /* AmakaFlowWatch Watch App */;
		};
		F8B356DD2EF8BA7C00E88B51 /* Exceptions for "WorkoutLiveActivity" folder in "WorkoutLiveActivityExtension" target */ = {
			isa = PBXFileSystemSynchronizedBuildFileExceptionSet;
			membershipExceptions = (
				Info.plist,
			);
			target = F8B356C22EF8BA7B00E88B51 /* WorkoutLiveActivityExtension */;
		};
/* End PBXFileSystemSynchronizedBuildFileExceptionSet section */

/* Begin PBXFileSystemSynchronizedRootGroup section */
		F84E21762ED0B0C800459747 /* AmakaFlowCompanion */ = {
			isa = PBXFileSystemSynchronizedRootGroup;
			exceptions = (
				F84E22622ED0BCE900459747 /* Exceptions for "AmakaFlowCompanion" folder in "AmakaFlowCompanion" target */,
			);
			path = AmakaFlowCompanion;
			sourceTree = "<group>";
		};
		F84E21862ED0B0CA00459747 /* AmakaFlowCompanionTests */ = {
			isa = PBXFileSystemSynchronizedRootGroup;
			path = AmakaFlowCompanionTests;
			sourceTree = "<group>";
		};
		F84E21902ED0B0CA00459747 /* AmakaFlowCompanionUITests */ = {
			isa = PBXFileSystemSynchronizedRootGroup;
			path = AmakaFlowCompanionUITests;
			sourceTree = "<group>";
		};
		F84E221B2ED0B62000459747 /* AmakaFlowWatch Watch App */ = {
			isa = PBXFileSystemSynchronizedRootGroup;
			exceptions = (
				F84E22A22ED0DF9300459747 /* Exceptions for "AmakaFlowWatch Watch App" folder in "AmakaFlowWatch Watch App" target */,
			);
			path = "AmakaFlowWatch Watch App";
			sourceTree = "<group>";
		};
		F84E22292ED0B62100459747 /* AmakaFlowWatch Watch AppTests */ = {
			isa = PBXFileSystemSynchronizedRootGroup;
			path = "AmakaFlowWatch Watch AppTests";
			sourceTree = "<group>";
		};
		F84E22332ED0B62100459747 /* AmakaFlowWatch Watch AppUITests */ = {
			isa = PBXFileSystemSynchronizedRootGroup;
			path = "AmakaFlowWatch Watch AppUITests";
			sourceTree = "<group>";
		};
		F8B356C82EF8BA7B00E88B51 /* WorkoutLiveActivity */ = {
			isa = PBXFileSystemSynchronizedRootGroup;
			exceptions = (
				F8B356DD2EF8BA7C00E88B51 /* Exceptions for "WorkoutLiveActivity" folder in "WorkoutLiveActivityExtension" target */,
			);
			path = WorkoutLiveActivity;
			sourceTree = "<group>";
		};
/* End PBXFileSystemSynchronizedRootGroup section */

/* Begin PBXFrameworksBuildPhase section */
		F84E21712ED0B0C800459747 /* Frameworks */ = {
			isa = PBXFrameworksBuildPhase;
			buildActionMask = 2147483647;
			files = (
				F880AD622F09559A00E8D7D3 /* Sentry in Frameworks */,
				F84E22932ED0D9FA00459747 /* EventKit.framework in Frameworks */,
				F84E22952ED0DA0200459747 /* HealthKit.framework in Frameworks */,
				F84E22992ED0DA1F00459747 /* WorkoutKitSync in Frameworks */,
				F8C125B22EFAC00000459747 /* ConnectIQ in Frameworks */,
				F84E22972ED0DA0F00459747 /* WatchConnectivity.framework in Frameworks */,
				F880AD612F09559A00E8D7D3 /* (null) in Frameworks */,
			);
			runOnlyForDeploymentPostprocessing = 0;
		};
		F84E21802ED0B0CA00459747 /* Frameworks */ = {
			isa = PBXFrameworksBuildPhase;
			buildActionMask = 2147483647;
			files = (
				F880AD642F09559A00E8D7D3 /* (null) in Frameworks */,
			);
			runOnlyForDeploymentPostprocessing = 0;
		};
		F84E218A2ED0B0CA00459747 /* Frameworks */ = {
			isa = PBXFrameworksBuildPhase;
			buildActionMask = 2147483647;
			files = (
				F880AD652F09559A00E8D7D3 /* (null) in Frameworks */,
				XCT4H34LTH00000001 /* XCTHealthKit in Frameworks */,
			);
			runOnlyForDeploymentPostprocessing = 0;
		};
		F84E22142ED0B62000459747 /* Frameworks */ = {
			isa = PBXFrameworksBuildPhase;
			buildActionMask = 2147483647;
			files = (
				F84E229F2ED0DC1B00459747 /* WorkoutKit.framework in Frameworks */,
				F84E229B2ED0DC0900459747 /* HealthKit.framework in Frameworks */,
				F84E22A12ED0DC2700459747 /* WorkoutKitSync in Frameworks */,
				F84E229D2ED0DC1100459747 /* WatchConnectivity.framework in Frameworks */,
				F880AD632F09559A00E8D7D3 /* (null) in Frameworks */,
			);
			runOnlyForDeploymentPostprocessing = 0;
		};
		F84E22232ED0B62100459747 /* Frameworks */ = {
			isa = PBXFrameworksBuildPhase;
			buildActionMask = 2147483647;
			files = (
				F880AD662F09559A00E8D7D3 /* (null) in Frameworks */,
			);
			runOnlyForDeploymentPostprocessing = 0;
		};
		F84E222D2ED0B62100459747 /* Frameworks */ = {
			isa = PBXFrameworksBuildPhase;
			buildActionMask = 2147483647;
			files = (
				F880AD672F09559A00E8D7D3 /* (null) in Frameworks */,
			);
			runOnlyForDeploymentPostprocessing = 0;
		};
		F8B356C02EF8BA7B00E88B51 /* Frameworks */ = {
			isa = PBXFrameworksBuildPhase;
			buildActionMask = 2147483647;
			files = (
				F8B356C72EF8BA7B00E88B51 /* SwiftUI.framework in Frameworks */,
				F8B356C52EF8BA7B00E88B51 /* WidgetKit.framework in Frameworks */,
				0B82E5ED1C34442389BC7768 /* Sentry in Frameworks */,
			);
			runOnlyForDeploymentPostprocessing = 0;
		};
/* End PBXFrameworksBuildPhase section */

/* Begin PBXGroup section */
		F84E216B2ED0B0C800459747 = {
			isa = PBXGroup;
			children = (
				F84E22812ED0D5D100459747 /* APIService.swift */,
				F84E22822ED0D5D100459747 /* AuthService.swift */,
				F84E22832ED0D5D100459747 /* CalendarManager.swift */,
				F84E22842ED0D5D100459747 /* WatchConnectivityManager.swift */,
				F8C125A02EFAB01000459747 /* GarminConnectManager.swift */,
				D3BUG10G00000001B0000001 /* DebugLogService.swift */,
				D3BUG10G00000002B0000002 /* DebugLogView.swift */,
				S3NTR1S3RV1C300000001 /* SentryService.swift */,
				F883912261E9D246979DD881 /* WorkoutState.swift */,
				F82258553831E24BC9B8C650 /* FlattenedInterval.swift */,
				F856B28A238E234FDAB29478 /* WorkoutEngine.swift */,
				F8CB18AE0DE73449FE995951 /* WorkoutActivityAttributes.swift */,
				F84E22852ED0D5D100459747 /* WorkoutKitConverter.swift */,
				F8FC29620578214144920365 /* AudioCueManager.swift */,
				F84E227B2ED0D5BF00459747 /* IntervalRow.swift */,
				F84E227C2ED0D5BF00459747 /* ScheduleCalendarSheet.swift */,
				F84E227D2ED0D5BF00459747 /* WorkoutCard.swift */,
				F8AD6080DEE9A54A6D9E4BD8 /* WorkoutPlayerView.swift */,
				0DDF14FDAE6346A5831A6B37 /* WorkoutCompletionView.swift */,
				0DDF14FDAE6346A5831A6B38 /* WorkoutCompletionViewModel.swift */,
				A19401AA00000001B0000001 /* ActivityHistoryViewModel.swift */,
				A19401AA00000002B0000002 /* CompletionDetailViewModel.swift */,
				A19401AA00000003B0000003 /* ActivityHistoryView.swift */,
				A19401AA00000004B0000004 /* WorkoutCompletion.swift */,
				A19401AA00000005B0000005 /* WorkoutCompletionDetail.swift */,
				A19401AA00000006B0000006 /* CompletionDetailView.swift */,
				A19401AA00000007B0000007 /* HRChartView.swift */,
				A19401AA00000008B0000008 /* HRZonesView.swift */,
				A19401AA00000009B0000009 /* MetricGridView.swift */,
				A19401AA0000000AB000000A /* WorkoutStepsSection.swift */,
				CC2192F9A69B4A51B54A138F /* HomeView.swift */,
				F8BFF8D1C38311406C868156 /* StepDisplayView.swift */,
				94AE3547CCCD41159C85554B /* RestPeriodView.swift */,
				F89DB8A09DD1694C469E6F54 /* PlayerControlsView.swift */,
				3910753486A542ECAA1E5971 /* PreWorkoutDeviceSheet.swift */,
				W41T1NG000000001B0000001 /* WaitingForWatchView.swift */,
				F84E22752ED0D59B00459747 /* SettingsView.swift */,
				F84E22762ED0D59B00459747 /* WorkoutDetailView.swift */,
				F84E22772ED0D59B00459747 /* WorkoutsView.swift */,
				F84E22732ED0D58300459747 /* WorkoutsViewModel.swift */,
				F84E22712ED0D56C00459747 /* Workout.swift */,
				89321AF9D21D441198437105 /* DevicePreference.swift */,
				F84E226D2ED0D55600459747 /* AmakaFlowApp.swift */,
				F84E226E2ED0D55600459747 /* Theme.swift */,
				F84E21762ED0B0C800459747 /* AmakaFlowCompanion */,
				F84E21862ED0B0CA00459747 /* AmakaFlowCompanionTests */,
				F84E21902ED0B0CA00459747 /* AmakaFlowCompanionUITests */,
				F84E221B2ED0B62000459747 /* AmakaFlowWatch Watch App */,
				F84E22292ED0B62100459747 /* AmakaFlowWatch Watch AppTests */,
				F84E22332ED0B62100459747 /* AmakaFlowWatch Watch AppUITests */,
				F8B356C82EF8BA7B00E88B51 /* WorkoutLiveActivity */,
				F84E22912ED0D9FA00459747 /* Frameworks */,
				F84E21752ED0B0C800459747 /* Products */,
				F8B356932EF8B94000E88B51 /* Recovered References */,
			);
			sourceTree = "<group>";
		};
		F84E21752ED0B0C800459747 /* Products */ = {
			isa = PBXGroup;
			children = (
				F84E21742ED0B0C800459747 /* AmakaFlowCompanion.app */,
				F84E21832ED0B0CA00459747 /* AmakaFlowCompanionTests.xctest */,
				F84E218D2ED0B0CA00459747 /* AmakaFlowCompanionUITests.xctest */,
				F84E22122ED0B62000459747 /* AmakaFlowWatch.app */,
				F84E22172ED0B62000459747 /* AmakaFlowWatch Watch App.app */,
				F84E22262ED0B62100459747 /* AmakaFlowWatch Watch AppTests.xctest */,
				F84E22302ED0B62100459747 /* AmakaFlowWatch Watch AppUITests.xctest */,
				F8B356C32EF8BA7B00E88B51 /* WorkoutLiveActivityExtension.appex */,
			);
			name = Products;
			sourceTree = "<group>";
		};
		F84E22912ED0D9FA00459747 /* Frameworks */ = {
			isa = PBXGroup;
			children = (
				F84E229E2ED0DC1B00459747 /* WorkoutKit.framework */,
				F84E229C2ED0DC1100459747 /* WatchConnectivity.framework */,
				F84E229A2ED0DC0900459747 /* HealthKit.framework */,
				F84E22962ED0DA0F00459747 /* WatchConnectivity.framework */,
				F84E22942ED0DA0200459747 /* HealthKit.framework */,
				F84E22922ED0D9FA00459747 /* EventKit.framework */,
				F8B356C42EF8BA7B00E88B51 /* WidgetKit.framework */,
				F8B356C62EF8BA7B00E88B51 /* SwiftUI.framework */,
			);
			name = Frameworks;
			sourceTree = "<group>";
		};
		F8B356932EF8B94000E88B51 /* Recovered References */ = {
			isa = PBXGroup;
			children = (
				E79E57529578481B8991A91F /* SourcesView.swift */,
				2AB8DFBA16CE406C95456EAD /* CalendarView.swift */,
				08D9B67C13E34BAE804A9359 /* HistoryView.swift */,
				5F86F482904144B39B954F6A /* Environment.swift */,
				11B5892FB68A40CB890E3630 /* KeychainHelper.swift */,
				85D3757E5B284286B341C75C /* PairingService.swift */,
				8B1F098698F14683BCACADE0 /* WorkoutCompletionService.swift */,
				29B50DC380A44F2D96E6E414 /* PairingView.swift */,
				1FC49A15AC3F44858DFEE3E6 /* QRScannerView.swift */,
				V01C300100000000000000 /* PermissionManager.swift */,
				V01C300200000000000000 /* VoiceRecordingService.swift */,
				V01C300300000000000000 /* TranscriptionService.swift */,
				V01C300400000000000000 /* WorkoutParsingService.swift */,
				V01C300500000000000000 /* VoiceWorkoutViewModel.swift */,
				V01C300600000000000000 /* VoiceWorkoutView.swift */,
				V01C300700000000000000 /* VoiceRecordingView.swift */,
				V01C300800000000000000 /* TranscriptionReviewView.swift */,
				V01C300900000000000000 /* VoiceWorkoutReviewView.swift */,
				TR4N5CR1PT10N3NG1N30001 /* TranscriptionEngine.swift */,
				TR4N5CR1PT10N3NG1N30002 /* OnDeviceEngine.swift */,
				TR4N5CR1PT10N3NG1N30003 /* CloudTranscriptionEngine.swift */,
				TR4N5CR1PT10N3NG1N30004 /* TranscriptionRouter.swift */,
				TR4N5CR1PT10N3NG1N30005 /* FitnessVocabulary.swift */,
				TR4N5CR1PT10N3NG1N30006 /* PersonalDictionary.swift */,
				TR4N5CR1PT10N53TT1NG5001 /* VoiceTranscriptionSettingsView.swift */,
			);
			name = "Recovered References";
			sourceTree = "<group>";
		};
/* End PBXGroup section */

/* Begin PBXNativeTarget section */
		F84E21732ED0B0C800459747 /* AmakaFlowCompanion */ = {
			isa = PBXNativeTarget;
			buildConfigurationList = F84E21972ED0B0CA00459747 /* Build configuration list for PBXNativeTarget "AmakaFlowCompanion" */;
			buildPhases = (
				F84E21702ED0B0C800459747 /* Sources */,
				F84E21712ED0B0C800459747 /* Frameworks */,
				F84E21722ED0B0C800459747 /* Resources */,
				F8B356D92EF8BA7C00E88B51 /* Embed Foundation Extensions */,
				F8B358B22EF9C7B000E88B51 /* Embed Watch Content */,
				BA612D7EA9704AF3B2F09E08 /* Upload Debug Symbols to Sentry */,
			);
			buildRules = (
			);
			dependencies = (
				F8B356D72EF8BA7C00E88B51 /* PBXTargetDependency */,
				F8B358B12EF9C7B000E88B51 /* PBXTargetDependency */,
			);
			fileSystemSynchronizedGroups = (
				F84E21762ED0B0C800459747 /* AmakaFlowCompanion */,
			);
			name = AmakaFlowCompanion;
			packageProductDependencies = (
				F84E22982ED0DA1F00459747 /* WorkoutKitSync */,
				F8C125B12EFAC00000459747 /* ConnectIQ */,
				2F0C8DCE03694CF3A60D12F9 /* Sentry */,
			);
			productName = AmakaFlowCompanion;
			productReference = F84E21742ED0B0C800459747 /* AmakaFlowCompanion.app */;
			productType = "com.apple.product-type.application";
		};
		F84E21822ED0B0CA00459747 /* AmakaFlowCompanionTests */ = {
			isa = PBXNativeTarget;
			buildConfigurationList = F84E219A2ED0B0CA00459747 /* Build configuration list for PBXNativeTarget "AmakaFlowCompanionTests" */;
			buildPhases = (
				F84E217F2ED0B0CA00459747 /* Sources */,
				F84E21802ED0B0CA00459747 /* Frameworks */,
				F84E21812ED0B0CA00459747 /* Resources */,
			);
			buildRules = (
			);
			dependencies = (
				F84E21852ED0B0CA00459747 /* PBXTargetDependency */,
			);
			fileSystemSynchronizedGroups = (
				F84E21862ED0B0CA00459747 /* AmakaFlowCompanionTests */,
			);
			name = AmakaFlowCompanionTests;
			packageProductDependencies = (
			);
			productName = AmakaFlowCompanionTests;
			productReference = F84E21832ED0B0CA00459747 /* AmakaFlowCompanionTests.xctest */;
			productType = "com.apple.product-type.bundle.unit-test";
		};
		F84E218C2ED0B0CA00459747 /* AmakaFlowCompanionUITests */ = {
			isa = PBXNativeTarget;
			buildConfigurationList = F84E219D2ED0B0CA00459747 /* Build configuration list for PBXNativeTarget "AmakaFlowCompanionUITests" */;
			buildPhases = (
				F84E21892ED0B0CA00459747 /* Sources */,
				F84E218A2ED0B0CA00459747 /* Frameworks */,
				F84E218B2ED0B0CA00459747 /* Resources */,
			);
			buildRules = (
			);
			dependencies = (
				F84E218F2ED0B0CA00459747 /* PBXTargetDependency */,
			);
			fileSystemSynchronizedGroups = (
				F84E21902ED0B0CA00459747 /* AmakaFlowCompanionUITests */,
			);
			name = AmakaFlowCompanionUITests;
			packageProductDependencies = (
			);
			productName = AmakaFlowCompanionUITests;
			productReference = F84E218D2ED0B0CA00459747 /* AmakaFlowCompanionUITests.xctest */;
			productType = "com.apple.product-type.bundle.ui-testing";
		};
		F84E22162ED0B62000459747 /* AmakaFlowWatch Watch App */ = {
			isa = PBXNativeTarget;
			buildConfigurationList = F84E22412ED0B62100459747 /* Build configuration list for PBXNativeTarget "AmakaFlowWatch Watch App" */;
			buildPhases = (
				F84E22132ED0B62000459747 /* Sources */,
				F84E22142ED0B62000459747 /* Frameworks */,
				F84E22152ED0B62000459747 /* Resources */,
			);
			buildRules = (
			);
			dependencies = (
			);
			fileSystemSynchronizedGroups = (
				F84E221B2ED0B62000459747 /* AmakaFlowWatch Watch App */,
			);
			name = "AmakaFlowWatch Watch App";
			packageProductDependencies = (
				F84E22A02ED0DC2700459747 /* WorkoutKitSync */,
			);
			productName = "AmakaFlowWatch Watch App";
			productReference = F84E22172ED0B62000459747 /* AmakaFlowWatch Watch App.app */;
			productType = "com.apple.product-type.application";
		};
		F84E22252ED0B62100459747 /* AmakaFlowWatch Watch AppTests */ = {
			isa = PBXNativeTarget;
			buildConfigurationList = F84E22432ED0B62100459747 /* Build configuration list for PBXNativeTarget "AmakaFlowWatch Watch AppTests" */;
			buildPhases = (
				F84E22222ED0B62100459747 /* Sources */,
				F84E22232ED0B62100459747 /* Frameworks */,
				F84E22242ED0B62100459747 /* Resources */,
			);
			buildRules = (
			);
			dependencies = (
				F84E22282ED0B62100459747 /* PBXTargetDependency */,
			);
			fileSystemSynchronizedGroups = (
				F84E22292ED0B62100459747 /* AmakaFlowWatch Watch AppTests */,
			);
			name = "AmakaFlowWatch Watch AppTests";
			packageProductDependencies = (
			);
			productName = "AmakaFlowWatch Watch AppTests";
			productReference = F84E22262ED0B62100459747 /* AmakaFlowWatch Watch AppTests.xctest */;
			productType = "com.apple.product-type.bundle.unit-test";
		};
		F84E222F2ED0B62100459747 /* AmakaFlowWatch Watch AppUITests */ = {
			isa = PBXNativeTarget;
			buildConfigurationList = F84E22442ED0B62100459747 /* Build configuration list for PBXNativeTarget "AmakaFlowWatch Watch AppUITests" */;
			buildPhases = (
				F84E222C2ED0B62100459747 /* Sources */,
				F84E222D2ED0B62100459747 /* Frameworks */,
				F84E222E2ED0B62100459747 /* Resources */,
			);
			buildRules = (
			);
			dependencies = (
				F84E22322ED0B62100459747 /* PBXTargetDependency */,
			);
			fileSystemSynchronizedGroups = (
				F84E22332ED0B62100459747 /* AmakaFlowWatch Watch AppUITests */,
			);
			name = "AmakaFlowWatch Watch AppUITests";
			packageProductDependencies = (
			);
			productName = "AmakaFlowWatch Watch AppUITests";
			productReference = F84E22302ED0B62100459747 /* AmakaFlowWatch Watch AppUITests.xctest */;
			productType = "com.apple.product-type.bundle.ui-testing";
		};
		F8B356C22EF8BA7B00E88B51 /* WorkoutLiveActivityExtension */ = {
			isa = PBXNativeTarget;
			buildConfigurationList = F8B356DC2EF8BA7C00E88B51 /* Build configuration list for PBXNativeTarget "WorkoutLiveActivityExtension" */;
			buildPhases = (
				F8B356BF2EF8BA7B00E88B51 /* Sources */,
				F8B356C02EF8BA7B00E88B51 /* Frameworks */,
				F8B356C12EF8BA7B00E88B51 /* Resources */,
			);
			buildRules = (
			);
			dependencies = (
			);
			fileSystemSynchronizedGroups = (
				F8B356C82EF8BA7B00E88B51 /* WorkoutLiveActivity */,
			);
			name = WorkoutLiveActivityExtension;
			packageProductDependencies = (
			);
			productName = WorkoutLiveActivityExtension;
			productReference = F8B356C32EF8BA7B00E88B51 /* WorkoutLiveActivityExtension.appex */;
			productType = "com.apple.product-type.app-extension";
		};
/* End PBXNativeTarget section */

/* Begin PBXProject section */
		F84E216C2ED0B0C800459747 /* Project object */ = {
			isa = PBXProject;
			attributes = {
				BuildIndependentTargetsInParallel = 1;
				LastSwiftUpdateCheck = 2610;
				LastUpgradeCheck = 1720;
				TargetAttributes = {
					F84E21732ED0B0C800459747 = {
						CreatedOnToolsVersion = 17.2.0;
					};
					F84E21822ED0B0CA00459747 = {
						CreatedOnToolsVersion = 17.2.0;
						TestTargetID = F84E21732ED0B0C800459747;
					};
					F84E218C2ED0B0CA00459747 = {
						CreatedOnToolsVersion = 17.2.0;
						TestTargetID = F84E21732ED0B0C800459747;
					};
					F84E22162ED0B62000459747 = {
						CreatedOnToolsVersion = 26.1.1;
					};
					F84E22252ED0B62100459747 = {
						CreatedOnToolsVersion = 26.1.1;
						TestTargetID = F84E22162ED0B62000459747;
					};
					F84E222F2ED0B62100459747 = {
						CreatedOnToolsVersion = 26.1.1;
						TestTargetID = F84E22162ED0B62000459747;
					};
					F8B356C22EF8BA7B00E88B51 = {
						CreatedOnToolsVersion = 26.1.1;
					};
				};
			};
			buildConfigurationList = F84E216F2ED0B0C800459747 /* Build configuration list for PBXProject "AmakaFlowCompanion" */;
			developmentRegion = en;
			hasScannedForEncodings = 0;
			knownRegions = (
				en,
				Base,
			);
			mainGroup = F84E216B2ED0B0C800459747;
			minimizedProjectReferenceProxies = 1;
			packageReferences = (
				F84E225F2ED0B84300459747 /* XCLocalSwiftPackageReference "../../../workoutkit-sync" */,
				F8C125B02EFAC00000459747 /* XCLocalSwiftPackageReference "../Vendor/ConnectIQ" */,
				6EFD6A06E1264416B1103D42 /* XCRemoteSwiftPackageReference "sentry-cocoa" */,
				XCT4H34LTH00000003 /* XCRemoteSwiftPackageReference "XCTHealthKit" */,
			);
			preferredProjectObjectVersion = 77;
			productRefGroup = F84E21752ED0B0C800459747 /* Products */;
			projectDirPath = "";
			projectRoot = "";
			targets = (
				F84E21732ED0B0C800459747 /* AmakaFlowCompanion */,
				F84E21822ED0B0CA00459747 /* AmakaFlowCompanionTests */,
				F84E218C2ED0B0CA00459747 /* AmakaFlowCompanionUITests */,
				F84E22162ED0B62000459747 /* AmakaFlowWatch Watch App */,
				F84E22252ED0B62100459747 /* AmakaFlowWatch Watch AppTests */,
				F84E222F2ED0B62100459747 /* AmakaFlowWatch Watch AppUITests */,
				F8B356C22EF8BA7B00E88B51 /* WorkoutLiveActivityExtension */,
			);
		};
/* End PBXProject section */

/* Begin PBXResourcesBuildPhase section */
		F84E21722ED0B0C800459747 /* Resources */ = {
			isa = PBXResourcesBuildPhase;
			buildActionMask = 2147483647;
			files = (
			);
			runOnlyForDeploymentPostprocessing = 0;
		};
		F84E21812ED0B0CA00459747 /* Resources */ = {
			isa = PBXResourcesBuildPhase;
			buildActionMask = 2147483647;
			files = (
			);
			runOnlyForDeploymentPostprocessing = 0;
		};
		F84E218B2ED0B0CA00459747 /* Resources */ = {
			isa = PBXResourcesBuildPhase;
			buildActionMask = 2147483647;
			files = (
			);
			runOnlyForDeploymentPostprocessing = 0;
		};
		F84E22152ED0B62000459747 /* Resources */ = {
			isa = PBXResourcesBuildPhase;
			buildActionMask = 2147483647;
			files = (
			);
			runOnlyForDeploymentPostprocessing = 0;
		};
		F84E22242ED0B62100459747 /* Resources */ = {
			isa = PBXResourcesBuildPhase;
			buildActionMask = 2147483647;
			files = (
			);
			runOnlyForDeploymentPostprocessing = 0;
		};
		F84E222E2ED0B62100459747 /* Resources */ = {
			isa = PBXResourcesBuildPhase;
			buildActionMask = 2147483647;
			files = (
			);
			runOnlyForDeploymentPostprocessing = 0;
		};
		F8B356C12EF8BA7B00E88B51 /* Resources */ = {
			isa = PBXResourcesBuildPhase;
			buildActionMask = 2147483647;
			files = (
			);
			runOnlyForDeploymentPostprocessing = 0;
		};
/* End PBXResourcesBuildPhase section */

/* Begin PBXShellScriptBuildPhase section */
		BA612D7EA9704AF3B2F09E08 /* Upload Debug Symbols to Sentry */ = {
			isa = PBXShellScriptBuildPhase;
			buildActionMask = 2147483647;
			files = (
			);
			inputPaths = (
				"${DWARF_DSYM_FOLDER_PATH}/${DWARF_DSYM_FILE_NAME}/Contents/Resources/DWARF/${TARGET_NAME}",
			);
			name = "Upload Debug Symbols to Sentry";
			outputPaths = (
			);
			runOnlyForDeploymentPostprocessing = 0;
			shellPath = /bin/sh;
			shellScript = "# This script is responsible for uploading debug symbols and source context for Sentry.\nif which sentry-cli >/dev/null; then\n  export SENTRY_ORG=me-6o\n  export SENTRY_PROJECT=amakaflow-ios\n  ERROR=$(sentry-cli debug-files upload --include-sources \"$DWARF_DSYM_FOLDER_PATH\" 2>&1 >/dev/null)\n  if [ ! $? -eq 0 ]; then\n    echo \"warning: sentry-cli - $ERROR\"\n  fi\nelse\n  echo \"warning: sentry-cli not installed, download from https://github.com/getsentry/sentry-cli/releases\"\nfi\n";
		};
/* End PBXShellScriptBuildPhase section */

/* Begin PBXSourcesBuildPhase section */
		F84E21702ED0B0C800459747 /* Sources */ = {
			isa = PBXSourcesBuildPhase;
			buildActionMask = 2147483647;
			files = (
				27599809E31D40308DBFA93A /* Environment.swift in Sources */,
				444EFC17D69346B3B93C9ECA /* KeychainHelper.swift in Sources */,
				CA268753E918494FAD7CCD56 /* PairingService.swift in Sources */,
				B69E1808FE344A15848A3B67 /* WorkoutCompletionService.swift in Sources */,
				40E350E9B26F4574902587EF /* PairingView.swift in Sources */,
				1A7B03C2552441FEB810773A /* QRScannerView.swift in Sources */,
				B6424999D3CD4CA789EA8014 /* SourcesView.swift in Sources */,
				521047C38D23474889C39F35 /* CalendarView.swift in Sources */,
				43F9F2E9369F4546B3AF005A /* HistoryView.swift in Sources */,
				F84E22782ED0D59B00459747 /* SettingsView.swift in Sources */,
				F84E22792ED0D59B00459747 /* WorkoutDetailView.swift in Sources */,
				F84E227A2ED0D59B00459747 /* WorkoutsView.swift in Sources */,
				F85C4F6DCDE4544563BA4983 /* WorkoutState.swift in Sources */,
				F8654CAC3BB541420480C602 /* FlattenedInterval.swift in Sources */,
				F85318ABF59B874E5BB8013B /* WorkoutEngine.swift in Sources */,
				F85A0F1D503D8A43A7B52FCC /* AudioCueManager.swift in Sources */,
				F84682B9F2FD8A45578F0E68 /* WorkoutPlayerView.swift in Sources */,
				F818DA94C6BD4F40EE8313B0 /* StepDisplayView.swift in Sources */,
				AA8C7E7D040E462BB1347220 /* RestPeriodView.swift in Sources */,
				F8B8C2FBBE453C44649F8E94 /* PlayerControlsView.swift in Sources */,
				F87ADA7721B76045D5938EA4 /* WorkoutActivityAttributes.swift in Sources */,
				E33FF845EAAD4110B7D87FB0 /* DevicePreference.swift in Sources */,
				9D0C3D8A603340BC8364F188 /* PreWorkoutDeviceSheet.swift in Sources */,
				W41T1NG000000002C0000002 /* WaitingForWatchView.swift in Sources */,
				EB63D5EF54FF452580C70684 /* WorkoutCompletionView.swift in Sources */,
				EB63D5EF54FF452580C70685 /* WorkoutCompletionViewModel.swift in Sources */,
				A19401BB00000001C0000001 /* ActivityHistoryViewModel.swift in Sources */,
				A19401BB00000002C0000002 /* CompletionDetailViewModel.swift in Sources */,
				A19401BB00000003C0000003 /* ActivityHistoryView.swift in Sources */,
				A19401BB00000004C0000004 /* WorkoutCompletion.swift in Sources */,
				A19401BB00000005C0000005 /* WorkoutCompletionDetail.swift in Sources */,
				A19401BB00000006C0000006 /* CompletionDetailView.swift in Sources */,
				A19401BB00000007C0000007 /* HRChartView.swift in Sources */,
				A19401BB00000008C0000008 /* HRZonesView.swift in Sources */,
				A19401BB00000009C0000009 /* MetricGridView.swift in Sources */,
				A19401BB0000000AC000000A /* WorkoutStepsSection.swift in Sources */,
				67283958B3E2475BA2DA974A /* HomeView.swift in Sources */,
				F84E22742ED0D58300459747 /* WorkoutsViewModel.swift in Sources */,
				F84E226F2ED0D55600459747 /* AmakaFlowApp.swift in Sources */,
				F84E22862ED0D5D100459747 /* WorkoutKitConverter.swift in Sources */,
				F84E22872ED0D5D100459747 /* CalendarManager.swift in Sources */,
				F84E22882ED0D5D100459747 /* WatchConnectivityManager.swift in Sources */,
				F8C125A12EFAB01000459747 /* GarminConnectManager.swift in Sources */,
				F84E22892ED0D5D100459747 /* APIService.swift in Sources */,
				F84E228A2ED0D5D100459747 /* AuthService.swift in Sources */,
				F84E227E2ED0D5BF00459747 /* IntervalRow.swift in Sources */,
				F84E227F2ED0D5BF00459747 /* ScheduleCalendarSheet.swift in Sources */,
				F84E22802ED0D5BF00459747 /* WorkoutCard.swift in Sources */,
				F84E22702ED0D55600459747 /* Theme.swift in Sources */,
				F84E22722ED0D56C00459747 /* Workout.swift in Sources */,
				D3BUG10G00000001C0000001 /* DebugLogService.swift in Sources */,
				D3BUG10G00000002C0000002 /* DebugLogView.swift in Sources */,
				S3NTR1S3RV1C300000002 /* SentryService.swift in Sources */,
				V01C301100000000000000 /* PermissionManager.swift in Sources */,
				V01C301200000000000000 /* VoiceRecordingService.swift in Sources */,
				V01C301300000000000000 /* TranscriptionService.swift in Sources */,
				V01C301400000000000000 /* WorkoutParsingService.swift in Sources */,
				V01C301500000000000000 /* VoiceWorkoutViewModel.swift in Sources */,
				V01C301600000000000000 /* VoiceWorkoutView.swift in Sources */,
				V01C301700000000000000 /* VoiceRecordingView.swift in Sources */,
				V01C301800000000000000 /* TranscriptionReviewView.swift in Sources */,
				V01C301900000000000000 /* VoiceWorkoutReviewView.swift in Sources */,
				TR4N5CR1PT10N3NG1N31001 /* TranscriptionEngine.swift in Sources */,
				TR4N5CR1PT10N3NG1N31002 /* OnDeviceEngine.swift in Sources */,
				TR4N5CR1PT10N3NG1N31003 /* CloudTranscriptionEngine.swift in Sources */,
				TR4N5CR1PT10N3NG1N31004 /* TranscriptionRouter.swift in Sources */,
				TR4N5CR1PT10N3NG1N31005 /* FitnessVocabulary.swift in Sources */,
				TR4N5CR1PT10N3NG1N31006 /* PersonalDictionary.swift in Sources */,
				TR4N5CR1PT10N53TT1NG5101 /* VoiceTranscriptionSettingsView.swift in Sources */,
			);
			runOnlyForDeploymentPostprocessing = 0;
		};
		F84E217F2ED0B0CA00459747 /* Sources */ = {
			isa = PBXSourcesBuildPhase;
			buildActionMask = 2147483647;
			files = (
			);
			runOnlyForDeploymentPostprocessing = 0;
		};
		F84E21892ED0B0CA00459747 /* Sources */ = {
			isa = PBXSourcesBuildPhase;
			buildActionMask = 2147483647;
			files = (
			);
			runOnlyForDeploymentPostprocessing = 0;
		};
		F84E22132ED0B62000459747 /* Sources */ = {
			isa = PBXSourcesBuildPhase;
			buildActionMask = 2147483647;
			files = (
				F84E22A32ED0E1BB00459747 /* Workout.swift in Sources */,
				F84E22A42ED0E68300459747 /* WorkoutKitConverter.swift in Sources */,
			);
			runOnlyForDeploymentPostprocessing = 0;
		};
		F84E22222ED0B62100459747 /* Sources */ = {
			isa = PBXSourcesBuildPhase;
			buildActionMask = 2147483647;
			files = (
			);
			runOnlyForDeploymentPostprocessing = 0;
		};
		F84E222C2ED0B62100459747 /* Sources */ = {
			isa = PBXSourcesBuildPhase;
			buildActionMask = 2147483647;
			files = (
			);
			runOnlyForDeploymentPostprocessing = 0;
		};
		F8B356BF2EF8BA7B00E88B51 /* Sources */ = {
			isa = PBXSourcesBuildPhase;
			buildActionMask = 2147483647;
			files = (
				F8B356E02EF8C10000E88B51 /* WorkoutActivityAttributes.swift in Sources */,
			);
			runOnlyForDeploymentPostprocessing = 0;
		};
/* End PBXSourcesBuildPhase section */

/* Begin PBXTargetDependency section */
		F84E21852ED0B0CA00459747 /* PBXTargetDependency */ = {
			isa = PBXTargetDependency;
			target = F84E21732ED0B0C800459747 /* AmakaFlowCompanion */;
			targetProxy = F84E21842ED0B0CA00459747 /* PBXContainerItemProxy */;
		};
		F84E218F2ED0B0CA00459747 /* PBXTargetDependency */ = {
			isa = PBXTargetDependency;
			target = F84E21732ED0B0C800459747 /* AmakaFlowCompanion */;
			targetProxy = F84E218E2ED0B0CA00459747 /* PBXContainerItemProxy */;
		};
		F84E22282ED0B62100459747 /* PBXTargetDependency */ = {
			isa = PBXTargetDependency;
			target = F84E22162ED0B62000459747 /* AmakaFlowWatch Watch App */;
			targetProxy = F84E22272ED0B62100459747 /* PBXContainerItemProxy */;
		};
		F84E22322ED0B62100459747 /* PBXTargetDependency */ = {
			isa = PBXTargetDependency;
			target = F84E22162ED0B62000459747 /* AmakaFlowWatch Watch App */;
			targetProxy = F84E22312ED0B62100459747 /* PBXContainerItemProxy */;
		};
		F8B356D72EF8BA7C00E88B51 /* PBXTargetDependency */ = {
			isa = PBXTargetDependency;
			target = F8B356C22EF8BA7B00E88B51 /* WorkoutLiveActivityExtension */;
			targetProxy = F8B356D62EF8BA7C00E88B51 /* PBXContainerItemProxy */;
		};
		F8B358B12EF9C7B000E88B51 /* PBXTargetDependency */ = {
			isa = PBXTargetDependency;
			target = F84E22162ED0B62000459747 /* AmakaFlowWatch Watch App */;
			targetProxy = F8B358B02EF9C7B000E88B51 /* PBXContainerItemProxy */;
		};
/* End PBXTargetDependency section */

/* Begin XCBuildConfiguration section */
		F84E21952ED0B0CA00459747 /* Debug */ = {
			isa = XCBuildConfiguration;
			buildSettings = {
				ALWAYS_SEARCH_USER_PATHS = NO;
				ASSETCATALOG_COMPILER_GENERATE_SWIFT_ASSET_SYMBOL_EXTENSIONS = YES;
				CLANG_ANALYZER_NONNULL = YES;
				CLANG_ANALYZER_NUMBER_OBJECT_CONVERSION = YES_AGGRESSIVE;
				CLANG_CXX_LANGUAGE_STANDARD = "gnu++20";
				CLANG_ENABLE_MODULES = YES;
				CLANG_ENABLE_OBJC_ARC = YES;
				CLANG_ENABLE_OBJC_WEAK = YES;
				CLANG_WARN_BLOCK_CAPTURE_AUTORELEASING = YES;
				CLANG_WARN_BOOL_CONVERSION = YES;
				CLANG_WARN_COMMA = YES;
				CLANG_WARN_CONSTANT_CONVERSION = YES;
				CLANG_WARN_DEPRECATED_OBJC_IMPLEMENTATIONS = YES;
				CLANG_WARN_DIRECT_OBJC_ISA_USAGE = YES_ERROR;
				CLANG_WARN_DOCUMENTATION_COMMENTS = YES;
				CLANG_WARN_EMPTY_BODY = YES;
				CLANG_WARN_ENUM_CONVERSION = YES;
				CLANG_WARN_INFINITE_RECURSION = YES;
				CLANG_WARN_INT_CONVERSION = YES;
				CLANG_WARN_NON_LITERAL_NULL_CONVERSION = YES;
				CLANG_WARN_OBJC_IMPLICIT_RETAIN_SELF = YES;
				CLANG_WARN_OBJC_LITERAL_CONVERSION = YES;
				CLANG_WARN_OBJC_ROOT_CLASS = YES_ERROR;
				CLANG_WARN_QUOTED_INCLUDE_IN_FRAMEWORK_HEADER = YES;
				CLANG_WARN_RANGE_LOOP_ANALYSIS = YES;
				CLANG_WARN_STRICT_PROTOTYPES = YES;
				CLANG_WARN_SUSPICIOUS_MOVE = YES;
				CLANG_WARN_UNGUARDED_AVAILABILITY = YES_AGGRESSIVE;
				CLANG_WARN_UNREACHABLE_CODE = YES;
				CLANG_WARN__DUPLICATE_METHOD_MATCH = YES;
				COPY_PHASE_STRIP = NO;
				DEBUG_INFORMATION_FORMAT = dwarf;
				DEVELOPMENT_TEAM = A9K5QG6YW8;
				ENABLE_STRICT_OBJC_MSGSEND = YES;
				ENABLE_TESTABILITY = YES;
				ENABLE_USER_SCRIPT_SANDBOXING = YES;
				GCC_C_LANGUAGE_STANDARD = gnu17;
				GCC_DYNAMIC_NO_PIC = NO;
				GCC_NO_COMMON_BLOCKS = YES;
				GCC_OPTIMIZATION_LEVEL = 0;
				GCC_PREPROCESSOR_DEFINITIONS = (
					"DEBUG=1",
					"$(inherited)",
				);
				GCC_WARN_64_TO_32_BIT_CONVERSION = YES;
				GCC_WARN_ABOUT_RETURN_TYPE = YES_ERROR;
				GCC_WARN_UNDECLARED_SELECTOR = YES;
				GCC_WARN_UNINITIALIZED_AUTOS = YES_AGGRESSIVE;
				GCC_WARN_UNUSED_FUNCTION = YES;
				GCC_WARN_UNUSED_VARIABLE = YES;
				IPHONEOS_DEPLOYMENT_TARGET = 18.6;
				LOCALIZATION_PREFERS_STRING_CATALOGS = YES;
				MTL_ENABLE_DEBUG_INFO = INCLUDE_SOURCE;
				MTL_FAST_MATH = YES;
				ONLY_ACTIVE_ARCH = YES;
				SDKROOT = iphoneos;
				SWIFT_ACTIVE_COMPILATION_CONDITIONS = "DEBUG $(inherited)";
				SWIFT_OPTIMIZATION_LEVEL = "-Onone";
			};
			name = Debug;
		};
		F84E21962ED0B0CA00459747 /* Release */ = {
			isa = XCBuildConfiguration;
			buildSettings = {
				ALWAYS_SEARCH_USER_PATHS = NO;
				ASSETCATALOG_COMPILER_GENERATE_SWIFT_ASSET_SYMBOL_EXTENSIONS = YES;
				CLANG_ANALYZER_NONNULL = YES;
				CLANG_ANALYZER_NUMBER_OBJECT_CONVERSION = YES_AGGRESSIVE;
				CLANG_CXX_LANGUAGE_STANDARD = "gnu++20";
				CLANG_ENABLE_MODULES = YES;
				CLANG_ENABLE_OBJC_ARC = YES;
				CLANG_ENABLE_OBJC_WEAK = YES;
				CLANG_WARN_BLOCK_CAPTURE_AUTORELEASING = YES;
				CLANG_WARN_BOOL_CONVERSION = YES;
				CLANG_WARN_COMMA = YES;
				CLANG_WARN_CONSTANT_CONVERSION = YES;
				CLANG_WARN_DEPRECATED_OBJC_IMPLEMENTATIONS = YES;
				CLANG_WARN_DIRECT_OBJC_ISA_USAGE = YES_ERROR;
				CLANG_WARN_DOCUMENTATION_COMMENTS = YES;
				CLANG_WARN_EMPTY_BODY = YES;
				CLANG_WARN_ENUM_CONVERSION = YES;
				CLANG_WARN_INFINITE_RECURSION = YES;
				CLANG_WARN_INT_CONVERSION = YES;
				CLANG_WARN_NON_LITERAL_NULL_CONVERSION = YES;
				CLANG_WARN_OBJC_IMPLICIT_RETAIN_SELF = YES;
				CLANG_WARN_OBJC_LITERAL_CONVERSION = YES;
				CLANG_WARN_OBJC_ROOT_CLASS = YES_ERROR;
				CLANG_WARN_QUOTED_INCLUDE_IN_FRAMEWORK_HEADER = YES;
				CLANG_WARN_RANGE_LOOP_ANALYSIS = YES;
				CLANG_WARN_STRICT_PROTOTYPES = YES;
				CLANG_WARN_SUSPICIOUS_MOVE = YES;
				CLANG_WARN_UNGUARDED_AVAILABILITY = YES_AGGRESSIVE;
				CLANG_WARN_UNREACHABLE_CODE = YES;
				CLANG_WARN__DUPLICATE_METHOD_MATCH = YES;
				COPY_PHASE_STRIP = NO;
				DEBUG_INFORMATION_FORMAT = "dwarf-with-dsym";
				DEVELOPMENT_TEAM = A9K5QG6YW8;
				ENABLE_NS_ASSERTIONS = NO;
				ENABLE_STRICT_OBJC_MSGSEND = YES;
				ENABLE_USER_SCRIPT_SANDBOXING = YES;
				GCC_C_LANGUAGE_STANDARD = gnu17;
				GCC_NO_COMMON_BLOCKS = YES;
				GCC_WARN_64_TO_32_BIT_CONVERSION = YES;
				GCC_WARN_ABOUT_RETURN_TYPE = YES_ERROR;
				GCC_WARN_UNDECLARED_SELECTOR = YES;
				GCC_WARN_UNINITIALIZED_AUTOS = YES_AGGRESSIVE;
				GCC_WARN_UNUSED_FUNCTION = YES;
				GCC_WARN_UNUSED_VARIABLE = YES;
				IPHONEOS_DEPLOYMENT_TARGET = 18.6;
				LOCALIZATION_PREFERS_STRING_CATALOGS = YES;
				MTL_ENABLE_DEBUG_INFO = NO;
				MTL_FAST_MATH = YES;
				SDKROOT = iphoneos;
				SWIFT_COMPILATION_MODE = wholemodule;
				VALIDATE_PRODUCT = YES;
			};
			name = Release;
		};
		F84E21982ED0B0CA00459747 /* Debug */ = {
			isa = XCBuildConfiguration;
			buildSettings = {
				ASSETCATALOG_COMPILER_APPICON_NAME = AppIcon;
				ASSETCATALOG_COMPILER_GLOBAL_ACCENT_COLOR_NAME = AccentColor;
				CODE_SIGN_ENTITLEMENTS = AmakaFlowCompanion/AmakaFlowCompanion.entitlements;
				CODE_SIGN_STYLE = Automatic;
				CURRENT_PROJECT_VERSION = 17;
				DEBUG_INFORMATION_FORMAT = "dwarf-with-dsym";
				DEVELOPMENT_TEAM = A9K5QG6YW8;
				ENABLE_PREVIEWS = YES;
				ENABLE_USER_SCRIPT_SANDBOXING = NO;
				GENERATE_INFOPLIST_FILE = YES;
				INFOPLIST_FILE = AmakaFlowCompanion/Info.plist;
				INFOPLIST_KEY_NSHealthShareUsageDescription = "AmakaFlow Companion needs access to read your workout data";
				INFOPLIST_KEY_NSHealthUpdateUsageDescription = "     AmakaFlow Companion needs access to save your completed workouts";
				INFOPLIST_KEY_UIApplicationSceneManifest_Generation = YES;
				INFOPLIST_KEY_UIApplicationSupportsIndirectInputEvents = YES;
				INFOPLIST_KEY_UILaunchScreen_Generation = YES;
				INFOPLIST_KEY_UISupportedInterfaceOrientations_iPad = "UIInterfaceOrientationPortrait UIInterfaceOrientationPortraitUpsideDown UIInterfaceOrientationLandscapeLeft UIInterfaceOrientationLandscapeRight";
				INFOPLIST_KEY_UISupportedInterfaceOrientations_iPhone = "UIInterfaceOrientationPortrait UIInterfaceOrientationLandscapeLeft UIInterfaceOrientationLandscapeRight";
				IPHONEOS_DEPLOYMENT_TARGET = 18.6;
				LD_RUNPATH_SEARCH_PATHS = (
					"$(inherited)",
					"@executable_path/Frameworks",
				);
				MARKETING_VERSION = 1.0;
				PRODUCT_BUNDLE_IDENTIFIER = com.myamaka.AmakaFlowCompanion;
				PRODUCT_NAME = "$(TARGET_NAME)";
				STRING_CATALOG_GENERATE_SYMBOLS = YES;
				SWIFT_ACTIVE_COMPILATION_CONDITIONS = "CONNECTIQ_ENABLED $(inherited)";
				SWIFT_APPROACHABLE_CONCURRENCY = YES;
				SWIFT_DEFAULT_ACTOR_ISOLATION = MainActor;
				SWIFT_EMIT_LOC_STRINGS = YES;
				SWIFT_UPCOMING_FEATURE_MEMBER_IMPORT_VISIBILITY = YES;
				SWIFT_VERSION = 5.0;
				TARGETED_DEVICE_FAMILY = "1,2";
			};
			name = Debug;
		};
		F84E21992ED0B0CA00459747 /* Release */ = {
			isa = XCBuildConfiguration;
			buildSettings = {
				ASSETCATALOG_COMPILER_APPICON_NAME = AppIcon;
				ASSETCATALOG_COMPILER_GLOBAL_ACCENT_COLOR_NAME = AccentColor;
				CODE_SIGN_ENTITLEMENTS = AmakaFlowCompanion/AmakaFlowCompanion.entitlements;
				CODE_SIGN_STYLE = Automatic;
				CURRENT_PROJECT_VERSION = 17;
				DEBUG_INFORMATION_FORMAT = "dwarf-with-dsym";
				DEVELOPMENT_TEAM = A9K5QG6YW8;
				ENABLE_PREVIEWS = YES;
				ENABLE_USER_SCRIPT_SANDBOXING = NO;
				GENERATE_INFOPLIST_FILE = YES;
				INFOPLIST_FILE = AmakaFlowCompanion/Info.plist;
				INFOPLIST_KEY_NSHealthShareUsageDescription = "AmakaFlow Companion needs access to read your workout data";
				INFOPLIST_KEY_NSHealthUpdateUsageDescription = "     AmakaFlow Companion needs access to save your completed workouts";
				INFOPLIST_KEY_UIApplicationSceneManifest_Generation = YES;
				INFOPLIST_KEY_UIApplicationSupportsIndirectInputEvents = YES;
				INFOPLIST_KEY_UILaunchScreen_Generation = YES;
				INFOPLIST_KEY_UISupportedInterfaceOrientations_iPad = "UIInterfaceOrientationPortrait UIInterfaceOrientationPortraitUpsideDown UIInterfaceOrientationLandscapeLeft UIInterfaceOrientationLandscapeRight";
				INFOPLIST_KEY_UISupportedInterfaceOrientations_iPhone = "UIInterfaceOrientationPortrait UIInterfaceOrientationLandscapeLeft UIInterfaceOrientationLandscapeRight";
				IPHONEOS_DEPLOYMENT_TARGET = 18.6;
				LD_RUNPATH_SEARCH_PATHS = (
					"$(inherited)",
					"@executable_path/Frameworks",
				);
				MARKETING_VERSION = 1.0;
				PRODUCT_BUNDLE_IDENTIFIER = com.myamaka.AmakaFlowCompanion;
				PRODUCT_NAME = "$(TARGET_NAME)";
				STRING_CATALOG_GENERATE_SYMBOLS = YES;
				SWIFT_ACTIVE_COMPILATION_CONDITIONS = "CONNECTIQ_ENABLED $(inherited)";
				SWIFT_APPROACHABLE_CONCURRENCY = YES;
				SWIFT_DEFAULT_ACTOR_ISOLATION = MainActor;
				SWIFT_EMIT_LOC_STRINGS = YES;
				SWIFT_UPCOMING_FEATURE_MEMBER_IMPORT_VISIBILITY = YES;
				SWIFT_VERSION = 5.0;
				TARGETED_DEVICE_FAMILY = "1,2";
			};
			name = Release;
		};
		F84E219B2ED0B0CA00459747 /* Debug */ = {
			isa = XCBuildConfiguration;
			buildSettings = {
				BUNDLE_LOADER = "$(TEST_HOST)";
				CODE_SIGN_STYLE = Automatic;
				CURRENT_PROJECT_VERSION = 17;
				DEVELOPMENT_TEAM = A9K5QG6YW8;
				GENERATE_INFOPLIST_FILE = YES;
				IPHONEOS_DEPLOYMENT_TARGET = 18.6;
				MARKETING_VERSION = 1.0;
				PRODUCT_BUNDLE_IDENTIFIER = com.myamaka.AmakaFlowCompanionTests;
				PRODUCT_NAME = "$(TARGET_NAME)";
				STRING_CATALOG_GENERATE_SYMBOLS = NO;
				SWIFT_APPROACHABLE_CONCURRENCY = YES;
				SWIFT_EMIT_LOC_STRINGS = NO;
				SWIFT_UPCOMING_FEATURE_MEMBER_IMPORT_VISIBILITY = YES;
				SWIFT_VERSION = 5.0;
				TARGETED_DEVICE_FAMILY = "1,2";
				TEST_HOST = "$(BUILT_PRODUCTS_DIR)/AmakaFlowCompanion.app/$(BUNDLE_EXECUTABLE_FOLDER_PATH)/AmakaFlowCompanion";
			};
			name = Debug;
		};
		F84E219C2ED0B0CA00459747 /* Release */ = {
			isa = XCBuildConfiguration;
			buildSettings = {
				BUNDLE_LOADER = "$(TEST_HOST)";
				CODE_SIGN_STYLE = Automatic;
				CURRENT_PROJECT_VERSION = 17;
				DEVELOPMENT_TEAM = A9K5QG6YW8;
				GENERATE_INFOPLIST_FILE = YES;
				IPHONEOS_DEPLOYMENT_TARGET = 18.6;
				MARKETING_VERSION = 1.0;
				PRODUCT_BUNDLE_IDENTIFIER = com.myamaka.AmakaFlowCompanionTests;
				PRODUCT_NAME = "$(TARGET_NAME)";
				STRING_CATALOG_GENERATE_SYMBOLS = NO;
				SWIFT_APPROACHABLE_CONCURRENCY = YES;
				SWIFT_EMIT_LOC_STRINGS = NO;
				SWIFT_UPCOMING_FEATURE_MEMBER_IMPORT_VISIBILITY = YES;
				SWIFT_VERSION = 5.0;
				TARGETED_DEVICE_FAMILY = "1,2";
				TEST_HOST = "$(BUILT_PRODUCTS_DIR)/AmakaFlowCompanion.app/$(BUNDLE_EXECUTABLE_FOLDER_PATH)/AmakaFlowCompanion";
			};
			name = Release;
		};
		F84E219E2ED0B0CA00459747 /* Debug */ = {
			isa = XCBuildConfiguration;
			buildSettings = {
				CODE_SIGN_STYLE = Automatic;
				CURRENT_PROJECT_VERSION = 17;
				DEVELOPMENT_TEAM = A9K5QG6YW8;
				GENERATE_INFOPLIST_FILE = YES;
				MARKETING_VERSION = 1.0;
				PRODUCT_BUNDLE_IDENTIFIER = com.myamaka.AmakaFlowCompanionUITests;
				PRODUCT_NAME = "$(TARGET_NAME)";
				STRING_CATALOG_GENERATE_SYMBOLS = NO;
				SWIFT_APPROACHABLE_CONCURRENCY = YES;
				SWIFT_EMIT_LOC_STRINGS = NO;
				SWIFT_UPCOMING_FEATURE_MEMBER_IMPORT_VISIBILITY = YES;
				SWIFT_VERSION = 5.0;
				TARGETED_DEVICE_FAMILY = "1,2";
				TEST_TARGET_NAME = AmakaFlowCompanion;
			};
			name = Debug;
		};
		F84E219F2ED0B0CA00459747 /* Release */ = {
			isa = XCBuildConfiguration;
			buildSettings = {
				CODE_SIGN_STYLE = Automatic;
				CURRENT_PROJECT_VERSION = 17;
				DEVELOPMENT_TEAM = A9K5QG6YW8;
				GENERATE_INFOPLIST_FILE = YES;
				MARKETING_VERSION = 1.0;
				PRODUCT_BUNDLE_IDENTIFIER = com.myamaka.AmakaFlowCompanionUITests;
				PRODUCT_NAME = "$(TARGET_NAME)";
				STRING_CATALOG_GENERATE_SYMBOLS = NO;
				SWIFT_APPROACHABLE_CONCURRENCY = YES;
				SWIFT_EMIT_LOC_STRINGS = NO;
				SWIFT_UPCOMING_FEATURE_MEMBER_IMPORT_VISIBILITY = YES;
				SWIFT_VERSION = 5.0;
				TARGETED_DEVICE_FAMILY = "1,2";
				TEST_TARGET_NAME = AmakaFlowCompanion;
			};
			name = Release;
		};
		F84E223B2ED0B62100459747 /* Debug */ = {
			isa = XCBuildConfiguration;
			buildSettings = {
				ASSETCATALOG_COMPILER_APPICON_NAME = AppIcon;
				ASSETCATALOG_COMPILER_GLOBAL_ACCENT_COLOR_NAME = AccentColor;
				CODE_SIGN_ENTITLEMENTS = "AmakaFlowWatch Watch App/AmakFlowWatch.entitlements";
				CODE_SIGN_STYLE = Automatic;
				CURRENT_PROJECT_VERSION = 17;
				DEVELOPMENT_TEAM = A9K5QG6YW8;
				ENABLE_PREVIEWS = YES;
				GENERATE_INFOPLIST_FILE = YES;
				INFOPLIST_FILE = "AmakaFlowWatch Watch App/Info.plist";
				INFOPLIST_KEY_CFBundleDisplayName = AmakaFlowWatch;
				INFOPLIST_KEY_UISupportedInterfaceOrientations = "UIInterfaceOrientationPortrait UIInterfaceOrientationPortraitUpsideDown";
				INFOPLIST_KEY_WKCompanionAppBundleIdentifier = com.myamaka.AmakaFlowCompanion;
				INFOPLIST_KEY_WKRunsIndependentlyOfCompanionApp = YES;
				INFOPLIST_KEY_WKWatchOnly = NO;
				LD_RUNPATH_SEARCH_PATHS = (
					"$(inherited)",
					"@executable_path/Frameworks",
				);
				MARKETING_VERSION = 1.0;
				PRODUCT_BUNDLE_IDENTIFIER = com.myamaka.AmakaFlowCompanion.watchkitapp;
				PRODUCT_NAME = "$(TARGET_NAME)";
				SDKROOT = watchos;
				SKIP_INSTALL = YES;
				STRING_CATALOG_GENERATE_SYMBOLS = YES;
				SWIFT_APPROACHABLE_CONCURRENCY = YES;
				SWIFT_DEFAULT_ACTOR_ISOLATION = MainActor;
				SWIFT_EMIT_LOC_STRINGS = YES;
				SWIFT_UPCOMING_FEATURE_MEMBER_IMPORT_VISIBILITY = YES;
				SWIFT_VERSION = 5.0;
				TARGETED_DEVICE_FAMILY = 4;
				WATCHOS_DEPLOYMENT_TARGET = 11.6;
			};
			name = Debug;
		};
		F84E223C2ED0B62100459747 /* Release */ = {
			isa = XCBuildConfiguration;
			buildSettings = {
				ASSETCATALOG_COMPILER_APPICON_NAME = AppIcon;
				ASSETCATALOG_COMPILER_GLOBAL_ACCENT_COLOR_NAME = AccentColor;
				CODE_SIGN_ENTITLEMENTS = "AmakaFlowWatch Watch App/AmakFlowWatch.entitlements";
				CODE_SIGN_STYLE = Automatic;
				CURRENT_PROJECT_VERSION = 17;
				DEVELOPMENT_TEAM = A9K5QG6YW8;
				ENABLE_PREVIEWS = YES;
				GENERATE_INFOPLIST_FILE = YES;
				INFOPLIST_FILE = "AmakaFlowWatch Watch App/Info.plist";
				INFOPLIST_KEY_CFBundleDisplayName = AmakaFlowWatch;
				INFOPLIST_KEY_UISupportedInterfaceOrientations = "UIInterfaceOrientationPortrait UIInterfaceOrientationPortraitUpsideDown";
				INFOPLIST_KEY_WKCompanionAppBundleIdentifier = com.myamaka.AmakaFlowCompanion;
				INFOPLIST_KEY_WKRunsIndependentlyOfCompanionApp = YES;
				INFOPLIST_KEY_WKWatchOnly = NO;
				LD_RUNPATH_SEARCH_PATHS = (
					"$(inherited)",
					"@executable_path/Frameworks",
				);
				MARKETING_VERSION = 1.0;
				PRODUCT_BUNDLE_IDENTIFIER = com.myamaka.AmakaFlowCompanion.watchkitapp;
				PRODUCT_NAME = "$(TARGET_NAME)";
				SDKROOT = watchos;
				SKIP_INSTALL = YES;
				STRING_CATALOG_GENERATE_SYMBOLS = YES;
				SWIFT_APPROACHABLE_CONCURRENCY = YES;
				SWIFT_DEFAULT_ACTOR_ISOLATION = MainActor;
				SWIFT_EMIT_LOC_STRINGS = YES;
				SWIFT_UPCOMING_FEATURE_MEMBER_IMPORT_VISIBILITY = YES;
				SWIFT_VERSION = 5.0;
				TARGETED_DEVICE_FAMILY = 4;
				WATCHOS_DEPLOYMENT_TARGET = 11.6;
			};
			name = Release;
		};
		F84E223D2ED0B62100459747 /* Debug */ = {
			isa = XCBuildConfiguration;
			buildSettings = {
				BUNDLE_LOADER = "$(TEST_HOST)";
				CODE_SIGN_STYLE = Automatic;
				CURRENT_PROJECT_VERSION = 17;
				DEVELOPMENT_TEAM = A9K5QG6YW8;
				GENERATE_INFOPLIST_FILE = YES;
				MARKETING_VERSION = 1.0;
				PRODUCT_BUNDLE_IDENTIFIER = com.myamaka.AmakaFlowCompanion.watchkitapp.tests;
				PRODUCT_NAME = "$(TARGET_NAME)";
				SDKROOT = watchos;
				STRING_CATALOG_GENERATE_SYMBOLS = NO;
				SWIFT_APPROACHABLE_CONCURRENCY = YES;
				SWIFT_EMIT_LOC_STRINGS = NO;
				SWIFT_UPCOMING_FEATURE_MEMBER_IMPORT_VISIBILITY = YES;
				SWIFT_VERSION = 5.0;
				TARGETED_DEVICE_FAMILY = 4;
				TEST_HOST = "$(BUILT_PRODUCTS_DIR)/AmakaFlowWatch Watch App.app/$(BUNDLE_EXECUTABLE_FOLDER_PATH)/AmakaFlowWatch Watch App";
				WATCHOS_DEPLOYMENT_TARGET = 26.1;
			};
			name = Debug;
		};
		F84E223E2ED0B62100459747 /* Release */ = {
			isa = XCBuildConfiguration;
			buildSettings = {
				BUNDLE_LOADER = "$(TEST_HOST)";
				CODE_SIGN_STYLE = Automatic;
				CURRENT_PROJECT_VERSION = 17;
				DEVELOPMENT_TEAM = A9K5QG6YW8;
				GENERATE_INFOPLIST_FILE = YES;
				MARKETING_VERSION = 1.0;
				PRODUCT_BUNDLE_IDENTIFIER = com.myamaka.AmakaFlowCompanion.watchkitapp.tests;
				PRODUCT_NAME = "$(TARGET_NAME)";
				SDKROOT = watchos;
				STRING_CATALOG_GENERATE_SYMBOLS = NO;
				SWIFT_APPROACHABLE_CONCURRENCY = YES;
				SWIFT_EMIT_LOC_STRINGS = NO;
				SWIFT_UPCOMING_FEATURE_MEMBER_IMPORT_VISIBILITY = YES;
				SWIFT_VERSION = 5.0;
				TARGETED_DEVICE_FAMILY = 4;
				TEST_HOST = "$(BUILT_PRODUCTS_DIR)/AmakaFlowWatch Watch App.app/$(BUNDLE_EXECUTABLE_FOLDER_PATH)/AmakaFlowWatch Watch App";
				WATCHOS_DEPLOYMENT_TARGET = 26.1;
			};
			name = Release;
		};
		F84E223F2ED0B62100459747 /* Debug */ = {
			isa = XCBuildConfiguration;
			buildSettings = {
				CODE_SIGN_STYLE = Automatic;
				CURRENT_PROJECT_VERSION = 17;
				DEVELOPMENT_TEAM = A9K5QG6YW8;
				GENERATE_INFOPLIST_FILE = YES;
				MARKETING_VERSION = 1.0;
				PRODUCT_BUNDLE_IDENTIFIER = com.myamaka.AmakaFlowCompanion.watchkitapp.uitests;
				PRODUCT_NAME = "$(TARGET_NAME)";
				SDKROOT = watchos;
				STRING_CATALOG_GENERATE_SYMBOLS = NO;
				SWIFT_APPROACHABLE_CONCURRENCY = YES;
				SWIFT_EMIT_LOC_STRINGS = NO;
				SWIFT_UPCOMING_FEATURE_MEMBER_IMPORT_VISIBILITY = YES;
				SWIFT_VERSION = 5.0;
				TARGETED_DEVICE_FAMILY = 4;
				TEST_TARGET_NAME = "AmakaFlowWatch Watch App";
				WATCHOS_DEPLOYMENT_TARGET = 26.1;
			};
			name = Debug;
		};
		F84E22402ED0B62100459747 /* Release */ = {
			isa = XCBuildConfiguration;
			buildSettings = {
				CODE_SIGN_STYLE = Automatic;
				CURRENT_PROJECT_VERSION = 17;
				DEVELOPMENT_TEAM = A9K5QG6YW8;
				GENERATE_INFOPLIST_FILE = YES;
				MARKETING_VERSION = 1.0;
				PRODUCT_BUNDLE_IDENTIFIER = com.myamaka.AmakaFlowCompanion.watchkitapp.uitests;
				PRODUCT_NAME = "$(TARGET_NAME)";
				SDKROOT = watchos;
				STRING_CATALOG_GENERATE_SYMBOLS = NO;
				SWIFT_APPROACHABLE_CONCURRENCY = YES;
				SWIFT_EMIT_LOC_STRINGS = NO;
				SWIFT_UPCOMING_FEATURE_MEMBER_IMPORT_VISIBILITY = YES;
				SWIFT_VERSION = 5.0;
				TARGETED_DEVICE_FAMILY = 4;
				TEST_TARGET_NAME = "AmakaFlowWatch Watch App";
				WATCHOS_DEPLOYMENT_TARGET = 26.1;
			};
			name = Release;
		};
		F8B356DA2EF8BA7C00E88B51 /* Debug */ = {
			isa = XCBuildConfiguration;
			buildSettings = {
				ASSETCATALOG_COMPILER_GLOBAL_ACCENT_COLOR_NAME = AccentColor;
				ASSETCATALOG_COMPILER_WIDGET_BACKGROUND_COLOR_NAME = WidgetBackground;
				CODE_SIGN_STYLE = Automatic;
				CURRENT_PROJECT_VERSION = 17;
				DEVELOPMENT_TEAM = A9K5QG6YW8;
				GENERATE_INFOPLIST_FILE = YES;
				INFOPLIST_FILE = WorkoutLiveActivity/Info.plist;
				INFOPLIST_KEY_CFBundleDisplayName = WorkoutLiveActivity;
				INFOPLIST_KEY_NSHumanReadableCopyright = "";
				IPHONEOS_DEPLOYMENT_TARGET = 26.1;
				LD_RUNPATH_SEARCH_PATHS = (
					"$(inherited)",
					"@executable_path/Frameworks",
					"@executable_path/../../Frameworks",
				);
				MARKETING_VERSION = 1.0;
				PRODUCT_BUNDLE_IDENTIFIER = com.myamaka.AmakaFlowCompanion.WorkoutLiveActivity;
				PRODUCT_NAME = "$(TARGET_NAME)";
				SKIP_INSTALL = YES;
				STRING_CATALOG_GENERATE_SYMBOLS = YES;
				SWIFT_APPROACHABLE_CONCURRENCY = YES;
				SWIFT_EMIT_LOC_STRINGS = YES;
				SWIFT_UPCOMING_FEATURE_MEMBER_IMPORT_VISIBILITY = YES;
				SWIFT_VERSION = 5.0;
				TARGETED_DEVICE_FAMILY = "1,2";
			};
			name = Debug;
		};
		F8B356DB2EF8BA7C00E88B51 /* Release */ = {
			isa = XCBuildConfiguration;
			buildSettings = {
				ASSETCATALOG_COMPILER_GLOBAL_ACCENT_COLOR_NAME = AccentColor;
				ASSETCATALOG_COMPILER_WIDGET_BACKGROUND_COLOR_NAME = WidgetBackground;
				CODE_SIGN_STYLE = Automatic;
				CURRENT_PROJECT_VERSION = 17;
				DEVELOPMENT_TEAM = A9K5QG6YW8;
				GENERATE_INFOPLIST_FILE = YES;
				INFOPLIST_FILE = WorkoutLiveActivity/Info.plist;
				INFOPLIST_KEY_CFBundleDisplayName = WorkoutLiveActivity;
				INFOPLIST_KEY_NSHumanReadableCopyright = "";
				IPHONEOS_DEPLOYMENT_TARGET = 26.1;
				LD_RUNPATH_SEARCH_PATHS = (
					"$(inherited)",
					"@executable_path/Frameworks",
					"@executable_path/../../Frameworks",
				);
				MARKETING_VERSION = 1.0;
				PRODUCT_BUNDLE_IDENTIFIER = com.myamaka.AmakaFlowCompanion.WorkoutLiveActivity;
				PRODUCT_NAME = "$(TARGET_NAME)";
				SKIP_INSTALL = YES;
				STRING_CATALOG_GENERATE_SYMBOLS = YES;
				SWIFT_APPROACHABLE_CONCURRENCY = YES;
				SWIFT_EMIT_LOC_STRINGS = YES;
				SWIFT_UPCOMING_FEATURE_MEMBER_IMPORT_VISIBILITY = YES;
				SWIFT_VERSION = 5.0;
				TARGETED_DEVICE_FAMILY = "1,2";
			};
			name = Release;
		};
/* End XCBuildConfiguration section */

/* Begin XCConfigurationList section */
		F84E216F2ED0B0C800459747 /* Build configuration list for PBXProject "AmakaFlowCompanion" */ = {
			isa = XCConfigurationList;
			buildConfigurations = (
				F84E21952ED0B0CA00459747 /* Debug */,
				F84E21962ED0B0CA00459747 /* Release */,
			);
			defaultConfigurationIsVisible = 0;
			defaultConfigurationName = Release;
		};
		F84E21972ED0B0CA00459747 /* Build configuration list for PBXNativeTarget "AmakaFlowCompanion" */ = {
			isa = XCConfigurationList;
			buildConfigurations = (
				F84E21982ED0B0CA00459747 /* Debug */,
				F84E21992ED0B0CA00459747 /* Release */,
			);
			defaultConfigurationIsVisible = 0;
			defaultConfigurationName = Release;
		};
		F84E219A2ED0B0CA00459747 /* Build configuration list for PBXNativeTarget "AmakaFlowCompanionTests" */ = {
			isa = XCConfigurationList;
			buildConfigurations = (
				F84E219B2ED0B0CA00459747 /* Debug */,
				F84E219C2ED0B0CA00459747 /* Release */,
			);
			defaultConfigurationIsVisible = 0;
			defaultConfigurationName = Release;
		};
		F84E219D2ED0B0CA00459747 /* Build configuration list for PBXNativeTarget "AmakaFlowCompanionUITests" */ = {
			isa = XCConfigurationList;
			buildConfigurations = (
				F84E219E2ED0B0CA00459747 /* Debug */,
				F84E219F2ED0B0CA00459747 /* Release */,
			);
			defaultConfigurationIsVisible = 0;
			defaultConfigurationName = Release;
		};
		F84E22412ED0B62100459747 /* Build configuration list for PBXNativeTarget "AmakaFlowWatch Watch App" */ = {
			isa = XCConfigurationList;
			buildConfigurations = (
				F84E223B2ED0B62100459747 /* Debug */,
				F84E223C2ED0B62100459747 /* Release */,
			);
			defaultConfigurationIsVisible = 0;
			defaultConfigurationName = Release;
		};
		F84E22432ED0B62100459747 /* Build configuration list for PBXNativeTarget "AmakaFlowWatch Watch AppTests" */ = {
			isa = XCConfigurationList;
			buildConfigurations = (
				F84E223D2ED0B62100459747 /* Debug */,
				F84E223E2ED0B62100459747 /* Release */,
			);
			defaultConfigurationIsVisible = 0;
			defaultConfigurationName = Release;
		};
		F84E22442ED0B62100459747 /* Build configuration list for PBXNativeTarget "AmakaFlowWatch Watch AppUITests" */ = {
			isa = XCConfigurationList;
			buildConfigurations = (
				F84E223F2ED0B62100459747 /* Debug */,
				F84E22402ED0B62100459747 /* Release */,
			);
			defaultConfigurationIsVisible = 0;
			defaultConfigurationName = Release;
		};
		F8B356DC2EF8BA7C00E88B51 /* Build configuration list for PBXNativeTarget "WorkoutLiveActivityExtension" */ = {
			isa = XCConfigurationList;
			buildConfigurations = (
				F8B356DA2EF8BA7C00E88B51 /* Debug */,
				F8B356DB2EF8BA7C00E88B51 /* Release */,
			);
			defaultConfigurationIsVisible = 0;
			defaultConfigurationName = Release;
		};
/* End XCConfigurationList section */

/* Begin XCLocalSwiftPackageReference section */
		F84E225F2ED0B84300459747 /* XCLocalSwiftPackageReference "../../../workoutkit-sync" */ = {
			isa = XCLocalSwiftPackageReference;
			relativePath = "../../../workoutkit-sync";
		};
		F8C125B02EFAC00000459747 /* XCLocalSwiftPackageReference "../Vendor/ConnectIQ" */ = {
			isa = XCLocalSwiftPackageReference;
			relativePath = ../Vendor/ConnectIQ;
		};
/* End XCLocalSwiftPackageReference section */

/* Begin XCRemoteSwiftPackageReference section */
		6EFD6A06E1264416B1103D42 /* XCRemoteSwiftPackageReference "sentry-cocoa" */ = {
			isa = XCRemoteSwiftPackageReference;
			repositoryURL = "https://github.com/getsentry/sentry-cocoa/";
			requirement = {
				kind = upToNextMajorVersion;
				minimumVersion = 8.0.0;
			};
		};
		XCT4H34LTH00000003 /* XCRemoteSwiftPackageReference "XCTHealthKit" */ = {
			isa = XCRemoteSwiftPackageReference;
			repositoryURL = "https://github.com/StanfordBDHG/XCTHealthKit.git";
			requirement = {
				kind = upToNextMajorVersion;
				minimumVersion = 1.0.0;
			};
		};
/* End XCRemoteSwiftPackageReference section */

/* Begin XCSwiftPackageProductDependency section */
		2F0C8DCE03694CF3A60D12F9 /* Sentry */ = {
			isa = XCSwiftPackageProductDependency;
			package = 6EFD6A06E1264416B1103D42 /* XCRemoteSwiftPackageReference "sentry-cocoa" */;
			productName = Sentry;
		};
		F84E22982ED0DA1F00459747 /* WorkoutKitSync */ = {
			isa = XCSwiftPackageProductDependency;
			package = F84E225F2ED0B84300459747 /* XCLocalSwiftPackageReference "../../../workoutkit-sync" */;
			productName = WorkoutKitSync;
		};
		F84E22A02ED0DC2700459747 /* WorkoutKitSync */ = {
			isa = XCSwiftPackageProductDependency;
			package = F84E225F2ED0B84300459747 /* XCLocalSwiftPackageReference "../../../workoutkit-sync" */;
			productName = WorkoutKitSync;
		};
		F8C125B12EFAC00000459747 /* ConnectIQ */ = {
			isa = XCSwiftPackageProductDependency;
			package = F8C125B02EFAC00000459747 /* XCLocalSwiftPackageReference "../Vendor/ConnectIQ" */;
			productName = ConnectIQ;
		};
		XCT4H34LTH00000002 /* XCTHealthKit */ = {
			isa = XCSwiftPackageProductDependency;
			package = XCT4H34LTH00000003 /* XCRemoteSwiftPackageReference "XCTHealthKit" */;
			productName = XCTHealthKit;
		};
/* End XCSwiftPackageProductDependency section */
	};
	rootObject = F84E216C2ED0B0C800459747 /* Project object */;
}
